// !$*UTF8*$!
{
	archiveVersion = 1;
	classes = {
	};
	objectVersion = 55;
	objects = {

/* Begin PBXBuildFile section */
		81E3E31328B2A3D100163F38 /* WhatsNextApp.swift in Sources */ = {isa = PBXBuildFile; fileRef = 81E3E31228B2A3D100163F38 /* WhatsNextApp.swift */; };
		81E3E31528B2A3D100163F38 /* ContentView.swift in Sources */ = {isa = PBXBuildFile; fileRef = 81E3E31428B2A3D100163F38 /* ContentView.swift */; };
		81E3E31728B2A3D800163F38 /* Assets.xcassets in Resources */ = {isa = PBXBuildFile; fileRef = 81E3E31628B2A3D800163F38 /* Assets.xcassets */; };
		81E3E31A28B2A3D800163F38 /* Preview Assets.xcassets in Resources */ = {isa = PBXBuildFile; fileRef = 81E3E31928B2A3D800163F38 /* Preview Assets.xcassets */; };
		81E3E32228B2AB0700163F38 /* AppDelegate.swift in Sources */ = {isa = PBXBuildFile; fileRef = 81E3E32128B2AB0700163F38 /* AppDelegate.swift */; };
		81E3E32528B2B78900163F38 /* Date-Helper.swift in Sources */ = {isa = PBXBuildFile; fileRef = 81E3E32428B2B78900163F38 /* Date-Helper.swift */; };
		81E3E32728B2B96900163F38 /* EventRow.swift in Sources */ = {isa = PBXBuildFile; fileRef = 81E3E32628B2B96900163F38 /* EventRow.swift */; };
		81E3E32928B2B9FD00163F38 /* EventSection.swift in Sources */ = {isa = PBXBuildFile; fileRef = 81E3E32828B2B9FD00163F38 /* EventSection.swift */; };
/* End PBXBuildFile section */

/* Begin PBXFileReference section */
		81E3E30F28B2A3D100163F38 /* WhatsNext.app */ = {isa = PBXFileReference; explicitFileType = wrapper.application; includeInIndex = 0; path = WhatsNext.app; sourceTree = BUILT_PRODUCTS_DIR; };
		81E3E31228B2A3D100163F38 /* WhatsNextApp.swift */ = {isa = PBXFileReference; lastKnownFileType = sourcecode.swift; path = WhatsNextApp.swift; sourceTree = "<group>"; };
		81E3E31428B2A3D100163F38 /* ContentView.swift */ = {isa = PBXFileReference; lastKnownFileType = sourcecode.swift; path = ContentView.swift; sourceTree = "<group>"; };
		81E3E31628B2A3D800163F38 /* Assets.xcassets */ = {isa = PBXFileReference; lastKnownFileType = folder.assetcatalog; path = Assets.xcassets; sourceTree = "<group>"; };
		81E3E31928B2A3D800163F38 /* Preview Assets.xcassets */ = {isa = PBXFileReference; lastKnownFileType = folder.assetcatalog; path = "Preview Assets.xcassets"; sourceTree = "<group>"; };
		81E3E31B28B2A3D800163F38 /* WhatsNext.entitlements */ = {isa = PBXFileReference; lastKnownFileType = text.plist.entitlements; path = WhatsNext.entitlements; sourceTree = "<group>"; };
		81E3E32128B2AB0700163F38 /* AppDelegate.swift */ = {isa = PBXFileReference; lastKnownFileType = sourcecode.swift; path = AppDelegate.swift; sourceTree = "<group>"; };
		81E3E32328B2B50400163F38 /* Info.plist */ = {isa = PBXFileReference; lastKnownFileType = text.plist; path = Info.plist; sourceTree = "<group>"; };
		81E3E32428B2B78900163F38 /* Date-Helper.swift */ = {isa = PBXFileReference; lastKnownFileType = sourcecode.swift; path = "Date-Helper.swift"; sourceTree = "<group>"; };
		81E3E32628B2B96900163F38 /* EventRow.swift */ = {isa = PBXFileReference; lastKnownFileType = sourcecode.swift; path = EventRow.swift; sourceTree = "<group>"; };
		81E3E32828B2B9FD00163F38 /* EventSection.swift */ = {isa = PBXFileReference; lastKnownFileType = sourcecode.swift; path = EventSection.swift; sourceTree = "<group>"; };
/* End PBXFileReference section */

/* Begin PBXFrameworksBuildPhase section */
		81E3E30C28B2A3D100163F38 /* Frameworks */ = {
			isa = PBXFrameworksBuildPhase;
			buildActionMask = 2147483647;
			files = (
			);
			runOnlyForDeploymentPostprocessing = 0;
		};
/* End PBXFrameworksBuildPhase section */

/* Begin PBXGroup section */
		81E3E30628B2A3D100163F38 = {
			isa = PBXGroup;
			children = (
				81E3E31128B2A3D100163F38 /* WhatsNext */,
				81E3E31028B2A3D100163F38 /* Products */,
			);
			sourceTree = "<group>";
		};
		81E3E31028B2A3D100163F38 /* Products */ = {
			isa = PBXGroup;
			children = (
				81E3E30F28B2A3D100163F38 /* WhatsNext.app */,
			);
			name = Products;
			sourceTree = "<group>";
		};
		81E3E31128B2A3D100163F38 /* WhatsNext */ = {
			isa = PBXGroup;
			children = (
				81E3E32328B2B50400163F38 /* Info.plist */,
				81E3E31228B2A3D100163F38 /* WhatsNextApp.swift */,
				81E3E31428B2A3D100163F38 /* ContentView.swift */,
				81E3E32628B2B96900163F38 /* EventRow.swift */,
				81E3E32828B2B9FD00163F38 /* EventSection.swift */,
				81E3E32428B2B78900163F38 /* Date-Helper.swift */,
				81E3E32128B2AB0700163F38 /* AppDelegate.swift */,
				81E3E31628B2A3D800163F38 /* Assets.xcassets */,
				81E3E31B28B2A3D800163F38 /* WhatsNext.entitlements */,
				81E3E31828B2A3D800163F38 /* Preview Content */,
			);
			path = WhatsNext;
			sourceTree = "<group>";
		};
		81E3E31828B2A3D800163F38 /* Preview Content */ = {
			isa = PBXGroup;
			children = (
				81E3E31928B2A3D800163F38 /* Preview Assets.xcassets */,
			);
			path = "Preview Content";
			sourceTree = "<group>";
		};
/* End PBXGroup section */

/* Begin PBXNativeTarget section */
		81E3E30E28B2A3D100163F38 /* WhatsNext */ = {
			isa = PBXNativeTarget;
			buildConfigurationList = 81E3E31E28B2A3D800163F38 /* Build configuration list for PBXNativeTarget "WhatsNext" */;
			buildPhases = (
				81E3E30B28B2A3D100163F38 /* Sources */,
				81E3E30C28B2A3D100163F38 /* Frameworks */,
				81E3E30D28B2A3D100163F38 /* Resources */,
			);
			buildRules = (
			);
			dependencies = (
			);
			name = WhatsNext;
			productName = WhatsNext;
			productReference = 81E3E30F28B2A3D100163F38 /* WhatsNext.app */;
			productType = "com.apple.product-type.application";
		};
/* End PBXNativeTarget section */

/* Begin PBXProject section */
		81E3E30728B2A3D100163F38 /* Project object */ = {
			isa = PBXProject;
			attributes = {
				BuildIndependentTargetsInParallel = 1;
				LastSwiftUpdateCheck = 1340;
				LastUpgradeCheck = 1340;
				TargetAttributes = {
					81E3E30E28B2A3D100163F38 = {
						CreatedOnToolsVersion = 13.4.1;
					};
				};
			};
			buildConfigurationList = 81E3E30A28B2A3D100163F38 /* Build configuration list for PBXProject "WhatsNext" */;
			compatibilityVersion = "Xcode 13.0";
			developmentRegion = en;
			hasScannedForEncodings = 0;
			knownRegions = (
				en,
				Base,
			);
			mainGroup = 81E3E30628B2A3D100163F38;
			productRefGroup = 81E3E31028B2A3D100163F38 /* Products */;
			projectDirPath = "";
			projectRoot = "";
			targets = (
				81E3E30E28B2A3D100163F38 /* WhatsNext */,
			);
		};
/* End PBXProject section */

/* Begin PBXResourcesBuildPhase section */
		81E3E30D28B2A3D100163F38 /* Resources */ = {
			isa = PBXResourcesBuildPhase;
			buildActionMask = 2147483647;
			files = (
				81E3E31A28B2A3D800163F38 /* Preview Assets.xcassets in Resources */,
				81E3E31728B2A3D800163F38 /* Assets.xcassets in Resources */,
			);
			runOnlyForDeploymentPostprocessing = 0;
		};
/* End PBXResourcesBuildPhase section */

/* Begin PBXSourcesBuildPhase section */
		81E3E30B28B2A3D100163F38 /* Sources */ = {
			isa = PBXSourcesBuildPhase;
			buildActionMask = 2147483647;
			files = (
				81E3E32228B2AB0700163F38 /* AppDelegate.swift in Sources */,
				81E3E31528B2A3D100163F38 /* ContentView.swift in Sources */,
				81E3E32728B2B96900163F38 /* EventRow.swift in Sources */,
				81E3E31328B2A3D100163F38 /* WhatsNextApp.swift in Sources */,
				81E3E32928B2B9FD00163F38 /* EventSection.swift in Sources */,
				81E3E32528B2B78900163F38 /* Date-Helper.swift in Sources */,
			);
			runOnlyForDeploymentPostprocessing = 0;
		};
/* End PBXSourcesBuildPhase section */

/* Begin XCBuildConfiguration section */
		81E3E31C28B2A3D800163F38 /* Debug */ = {
			isa = XCBuildConfiguration;
			buildSettings = {
				ALWAYS_SEARCH_USER_PATHS = NO;
				CLANG_ANALYZER_NONNULL = YES;
				CLANG_ANALYZER_NUMBER_OBJECT_CONVERSION = YES_AGGRESSIVE;
				CLANG_CXX_LANGUAGE_STANDARD = "gnu++17";
				CLANG_ENABLE_MODULES = YES;
				CLANG_ENABLE_OBJC_ARC = YES;
				CLANG_ENABLE_OBJC_WEAK = YES;
				CLANG_WARN_BLOCK_CAPTURE_AUTORELEASING = YES;
				CLANG_WARN_BOOL_CONVERSION = YES;
				CLANG_WARN_COMMA = YES;
				CLANG_WARN_CONSTANT_CONVERSION = YES;
				CLANG_WARN_DEPRECATED_OBJC_IMPLEMENTATIONS = YES;
				CLANG_WARN_DIRECT_OBJC_ISA_USAGE = YES_ERROR;
				CLANG_WARN_DOCUMENTATION_COMMENTS = YES;
				CLANG_WARN_EMPTY_BODY = YES;
				CLANG_WARN_ENUM_CONVERSION = YES;
				CLANG_WARN_INFINITE_RECURSION = YES;
				CLANG_WARN_INT_CONVERSION = YES;
				CLANG_WARN_NON_LITERAL_NULL_CONVERSION = YES;
				CLANG_WARN_OBJC_IMPLICIT_RETAIN_SELF = YES;
				CLANG_WARN_OBJC_LITERAL_CONVERSION = YES;
				CLANG_WARN_OBJC_ROOT_CLASS = YES_ERROR;
				CLANG_WARN_QUOTED_INCLUDE_IN_FRAMEWORK_HEADER = YES;
				CLANG_WARN_RANGE_LOOP_ANALYSIS = YES;
				CLANG_WARN_STRICT_PROTOTYPES = YES;
				CLANG_WARN_SUSPICIOUS_MOVE = YES;
				CLANG_WARN_UNGUARDED_AVAILABILITY = YES_AGGRESSIVE;
				CLANG_WARN_UNREACHABLE_CODE = YES;
				CLANG_WARN__DUPLICATE_METHOD_MATCH = YES;
				COPY_PHASE_STRIP = NO;
				DEBUG_INFORMATION_FORMAT = dwarf;
				ENABLE_STRICT_OBJC_MSGSEND = YES;
				ENABLE_TESTABILITY = YES;
				GCC_C_LANGUAGE_STANDARD = gnu11;
				GCC_DYNAMIC_NO_PIC = NO;
				GCC_NO_COMMON_BLOCKS = YES;
				GCC_OPTIMIZATION_LEVEL = 0;
				GCC_PREPROCESSOR_DEFINITIONS = (
					"DEBUG=1",
					"$(inherited)",
				);
				GCC_WARN_64_TO_32_BIT_CONVERSION = YES;
				GCC_WARN_ABOUT_RETURN_TYPE = YES_ERROR;
				GCC_WARN_UNDECLARED_SELECTOR = YES;
				GCC_WARN_UNINITIALIZED_AUTOS = YES_AGGRESSIVE;
				GCC_WARN_UNUSED_FUNCTION = YES;
				GCC_WARN_UNUSED_VARIABLE = YES;
				MACOSX_DEPLOYMENT_TARGET = 12.3;
				MTL_ENABLE_DEBUG_INFO = INCLUDE_SOURCE;
				MTL_FAST_MATH = YES;
				ONLY_ACTIVE_ARCH = YES;
				SDKROOT = macosx;
				SWIFT_ACTIVE_COMPILATION_CONDITIONS = DEBUG;
				SWIFT_OPTIMIZATION_LEVEL = "-Onone";
			};
			name = Debug;
		};
		81E3E31D28B2A3D800163F38 /* Release */ = {
			isa = XCBuildConfiguration;
			buildSettings = {
				ALWAYS_SEARCH_USER_PATHS = NO;
				CLANG_ANALYZER_NONNULL = YES;
				CLANG_ANALYZER_NUMBER_OBJECT_CONVERSION = YES_AGGRESSIVE;
				CLANG_CXX_LANGUAGE_STANDARD = "gnu++17";
				CLANG_ENABLE_MODULES = YES;
				CLANG_ENABLE_OBJC_ARC = YES;
				CLANG_ENABLE_OBJC_WEAK = YES;
				CLANG_WARN_BLOCK_CAPTURE_AUTORELEASING = YES;
				CLANG_WARN_BOOL_CONVERSION = YES;
				CLANG_WARN_COMMA = YES;
				CLANG_WARN_CONSTANT_CONVERSION = YES;
				CLANG_WARN_DEPRECATED_OBJC_IMPLEMENTATIONS = YES;
				CLANG_WARN_DIRECT_OBJC_ISA_USAGE = YES_ERROR;
				CLANG_WARN_DOCUMENTATION_COMMENTS = YES;
				CLANG_WARN_EMPTY_BODY = YES;
				CLANG_WARN_ENUM_CONVERSION = YES;
				CLANG_WARN_INFINITE_RECURSION = YES;
				CLANG_WARN_INT_CONVERSION = YES;
				CLANG_WARN_NON_LITERAL_NULL_CONVERSION = YES;
				CLANG_WARN_OBJC_IMPLICIT_RETAIN_SELF = YES;
				CLANG_WARN_OBJC_LITERAL_CONVERSION = YES;
				CLANG_WARN_OBJC_ROOT_CLASS = YES_ERROR;
				CLANG_WARN_QUOTED_INCLUDE_IN_FRAMEWORK_HEADER = YES;
				CLANG_WARN_RANGE_LOOP_ANALYSIS = YES;
				CLANG_WARN_STRICT_PROTOTYPES = YES;
				CLANG_WARN_SUSPICIOUS_MOVE = YES;
				CLANG_WARN_UNGUARDED_AVAILABILITY = YES_AGGRESSIVE;
				CLANG_WARN_UNREACHABLE_CODE = YES;
				CLANG_WARN__DUPLICATE_METHOD_MATCH = YES;
				COPY_PHASE_STRIP = NO;
				DEBUG_INFORMATION_FORMAT = "dwarf-with-dsym";
				ENABLE_NS_ASSERTIONS = NO;
				ENABLE_STRICT_OBJC_MSGSEND = YES;
				GCC_C_LANGUAGE_STANDARD = gnu11;
				GCC_NO_COMMON_BLOCKS = YES;
				GCC_WARN_64_TO_32_BIT_CONVERSION = YES;
				GCC_WARN_ABOUT_RETURN_TYPE = YES_ERROR;
				GCC_WARN_UNDECLARED_SELECTOR = YES;
				GCC_WARN_UNINITIALIZED_AUTOS = YES_AGGRESSIVE;
				GCC_WARN_UNUSED_FUNCTION = YES;
				GCC_WARN_UNUSED_VARIABLE = YES;
				MACOSX_DEPLOYMENT_TARGET = 12.3;
				MTL_ENABLE_DEBUG_INFO = NO;
				MTL_FAST_MATH = YES;
				SDKROOT = macosx;
				SWIFT_COMPILATION_MODE = wholemodule;
				SWIFT_OPTIMIZATION_LEVEL = "-O";
			};
			name = Release;
		};
		81E3E31F28B2A3D800163F38 /* Debug */ = {
			isa = XCBuildConfiguration;
			buildSettings = {
				ASSETCATALOG_COMPILER_APPICON_NAME = AppIcon;
				ASSETCATALOG_COMPILER_GLOBAL_ACCENT_COLOR_NAME = AccentColor;
				CODE_SIGN_ENTITLEMENTS = WhatsNext/WhatsNext.entitlements;
				CODE_SIGN_STYLE = Automatic;
				COMBINE_HIDPI_IMAGES = YES;
				CURRENT_PROJECT_VERSION = 1;
				DEVELOPMENT_ASSET_PATHS = "\"WhatsNext/Preview Content\"";
				DEVELOPMENT_TEAM = NQ7FTC36J3;
				ENABLE_HARDENED_RUNTIME = YES;
				ENABLE_PREVIEWS = YES;
				GENERATE_INFOPLIST_FILE = YES;
				INFOPLIST_FILE = WhatsNext/Info.plist;
				INFOPLIST_KEY_NSCalendarsUsageDescription = "We need to read your calendars to show upcoming events";
				INFOPLIST_KEY_NSHumanReadableCopyright = "";
				LD_RUNPATH_SEARCH_PATHS = (
					"$(inherited)",
					"@executable_path/../Frameworks",
				);
				MARKETING_VERSION = 1.0;
				PRODUCT_BUNDLE_IDENTIFIER = "com.weve-got-it.WhatsNext";
				PRODUCT_NAME = "$(TARGET_NAME)";
				SWIFT_EMIT_LOC_STRINGS = YES;
				SWIFT_VERSION = 5.0;
			};
			name = Debug;
		};
		81E3E32028B2A3D800163F38 /* Release */ = {
			isa = XCBuildConfiguration;
			buildSettings = {
				ASSETCATALOG_COMPILER_APPICON_NAME = AppIcon;
				ASSETCATALOG_COMPILER_GLOBAL_ACCENT_COLOR_NAME = AccentColor;
				CODE_SIGN_ENTITLEMENTS = WhatsNext/WhatsNext.entitlements;
				CODE_SIGN_STYLE = Automatic;
				COMBINE_HIDPI_IMAGES = YES;
				CURRENT_PROJECT_VERSION = 1;
				DEVELOPMENT_ASSET_PATHS = "\"WhatsNext/Preview Content\"";
				DEVELOPMENT_TEAM = NQ7FTC36J3;
				ENABLE_HARDENED_RUNTIME = YES;
				ENABLE_PREVIEWS = YES;
				GENERATE_INFOPLIST_FILE = YES;
				INFOPLIST_FILE = WhatsNext/Info.plist;
				INFOPLIST_KEY_NSCalendarsUsageDescription = "We need to read your calendars to show upcoming events";
				INFOPLIST_KEY_NSHumanReadableCopyright = "";
				LD_RUNPATH_SEARCH_PATHS = (
					"$(inherited)",
					"@executable_path/../Frameworks",
				);
				MARKETING_VERSION = 1.0;
				PRODUCT_BUNDLE_IDENTIFIER = "com.weve-got-it.WhatsNext";
				PRODUCT_NAME = "$(TARGET_NAME)";
				SWIFT_EMIT_LOC_STRINGS = YES;
				SWIFT_VERSION = 5.0;
			};
			name = Release;
		};
/* End XCBuildConfiguration section */

/* Begin XCConfigurationList section */
		81E3E30A28B2A3D100163F38 /* Build configuration list for PBXProject "WhatsNext" */ = {
			isa = XCConfigurationList;
			buildConfigurations = (
				81E3E31C28B2A3D800163F38 /* Debug */,
				81E3E31D28B2A3D800163F38 /* Release */,
			);
			defaultConfigurationIsVisible = 0;
			defaultConfigurationName = Release;
		};
		81E3E31E28B2A3D800163F38 /* Build configuration list for PBXNativeTarget "WhatsNext" */ = {
			isa = XCConfigurationList;
			buildConfigurations = (
				81E3E31F28B2A3D800163F38 /* Debug */,
				81E3E32028B2A3D800163F38 /* Release */,
			);
			defaultConfigurationIsVisible = 0;
			defaultConfigurationName = Release;
		};
/* End XCConfigurationList section */
	};
	rootObject = 81E3E30728B2A3D100163F38 /* Project object */;
}
