// !$*UTF8*$!
{
	archiveVersion = 1;
	classes = {
	};
	objectVersion = 55;
	objects = {

/* Begin PBXBuildFile section */
		8101F90F28B62DA400B8BAAC /* Project_8_MoonshotApp.swift in Sources */ = {isa = PBXBuildFile; fileRef = 8101F90E28B62DA400B8BAAC /* Project_8_MoonshotApp.swift */; };
		8101F91128B62DA400B8BAAC /* ContentView.swift in Sources */ = {isa = PBXBuildFile; fileRef = 8101F91028B62DA400B8BAAC /* ContentView.swift */; };
		8101F91328B62DA900B8BAAC /* Assets.xcassets in Resources */ = {isa = PBXBuildFile; fileRef = 8101F91228B62DA900B8BAAC /* Assets.xcassets */; };
		8101F91628B62DA900B8BAAC /* Preview Assets.xcassets in Resources */ = {isa = PBXBuildFile; fileRef = 8101F91528B62DA900B8BAAC /* Preview Assets.xcassets */; };
		8101F91E28B62EF200B8BAAC /* astronauts.json in Resources */ = {isa = PBXBuildFile; fileRef = 8101F91C28B62EF200B8BAAC /* astronauts.json */; };
		8101F91F28B62EF200B8BAAC /* missions.json in Resources */ = {isa = PBXBuildFile; fileRef = 8101F91D28B62EF200B8BAAC /* missions.json */; };
		8101F92128B62FDC00B8BAAC /* Astronaut.swift in Sources */ = {isa = PBXBuildFile; fileRef = 8101F92028B62FDC00B8BAAC /* Astronaut.swift */; };
		8101F92328B630AB00B8BAAC /* Bundle-Decodable.swift in Sources */ = {isa = PBXBuildFile; fileRef = 8101F92228B630AB00B8BAAC /* Bundle-Decodable.swift */; };
		8101F92528B6332100B8BAAC /* Mission.swift in Sources */ = {isa = PBXBuildFile; fileRef = 8101F92428B6332100B8BAAC /* Mission.swift */; };
		8101F92728B6467400B8BAAC /* Color-Theme.swift in Sources */ = {isa = PBXBuildFile; fileRef = 8101F92628B6467400B8BAAC /* Color-Theme.swift */; };
		8101F92928B6568700B8BAAC /* MissionView.swift in Sources */ = {isa = PBXBuildFile; fileRef = 8101F92828B6568700B8BAAC /* MissionView.swift */; };
		8101F92B28B662DA00B8BAAC /* AstronautView.swift in Sources */ = {isa = PBXBuildFile; fileRef = 8101F92A28B662DA00B8BAAC /* AstronautView.swift */; };
		8101F92D28B67E8900B8BAAC /* CustomDivider.swift in Sources */ = {isa = PBXBuildFile; fileRef = 8101F92C28B67E8900B8BAAC /* CustomDivider.swift */; };
		8101F92F28B6801D00B8BAAC /* CrewRoster.swift in Sources */ = {isa = PBXBuildFile; fileRef = 8101F92E28B6801D00B8BAAC /* CrewRoster.swift */; };
		8101F93128B6861E00B8BAAC /* GridLayout.swift in Sources */ = {isa = PBXBuildFile; fileRef = 8101F93028B6861E00B8BAAC /* GridLayout.swift */; };
		8101F93328B6884600B8BAAC /* ListLayout.swift in Sources */ = {isa = PBXBuildFile; fileRef = 8101F93228B6884600B8BAAC /* ListLayout.swift */; };
/* End PBXBuildFile section */

/* Begin PBXFileReference section */
		8101F90B28B62DA400B8BAAC /* Project-8-Moonshot.app */ = {isa = PBXFileReference; explicitFileType = wrapper.application; includeInIndex = 0; path = "Project-8-Moonshot.app"; sourceTree = BUILT_PRODUCTS_DIR; };
		8101F90E28B62DA400B8BAAC /* Project_8_MoonshotApp.swift */ = {isa = PBXFileReference; lastKnownFileType = sourcecode.swift; path = Project_8_MoonshotApp.swift; sourceTree = "<group>"; };
		8101F91028B62DA400B8BAAC /* ContentView.swift */ = {isa = PBXFileReference; lastKnownFileType = sourcecode.swift; path = ContentView.swift; sourceTree = "<group>"; };
		8101F91228B62DA900B8BAAC /* Assets.xcassets */ = {isa = PBXFileReference; lastKnownFileType = folder.assetcatalog; path = Assets.xcassets; sourceTree = "<group>"; };
		8101F91528B62DA900B8BAAC /* Preview Assets.xcassets */ = {isa = PBXFileReference; lastKnownFileType = folder.assetcatalog; path = "Preview Assets.xcassets"; sourceTree = "<group>"; };
		8101F91C28B62EF200B8BAAC /* astronauts.json */ = {isa = PBXFileReference; fileEncoding = 4; lastKnownFileType = text.json; path = astronauts.json; sourceTree = "<group>"; };
		8101F91D28B62EF200B8BAAC /* missions.json */ = {isa = PBXFileReference; fileEncoding = 4; lastKnownFileType = text.json; path = missions.json; sourceTree = "<group>"; };
		8101F92028B62FDC00B8BAAC /* Astronaut.swift */ = {isa = PBXFileReference; lastKnownFileType = sourcecode.swift; path = Astronaut.swift; sourceTree = "<group>"; };
		8101F92228B630AB00B8BAAC /* Bundle-Decodable.swift */ = {isa = PBXFileReference; lastKnownFileType = sourcecode.swift; path = "Bundle-Decodable.swift"; sourceTree = "<group>"; };
		8101F92428B6332100B8BAAC /* Mission.swift */ = {isa = PBXFileReference; lastKnownFileType = sourcecode.swift; path = Mission.swift; sourceTree = "<group>"; };
		8101F92628B6467400B8BAAC /* Color-Theme.swift */ = {isa = PBXFileReference; lastKnownFileType = sourcecode.swift; path = "Color-Theme.swift"; sourceTree = "<group>"; };
		8101F92828B6568700B8BAAC /* MissionView.swift */ = {isa = PBXFileReference; lastKnownFileType = sourcecode.swift; path = MissionView.swift; sourceTree = "<group>"; };
		8101F92A28B662DA00B8BAAC /* AstronautView.swift */ = {isa = PBXFileReference; lastKnownFileType = sourcecode.swift; path = AstronautView.swift; sourceTree = "<group>"; };
		8101F92C28B67E8900B8BAAC /* CustomDivider.swift */ = {isa = PBXFileReference; lastKnownFileType = sourcecode.swift; path = CustomDivider.swift; sourceTree = "<group>"; };
		8101F92E28B6801D00B8BAAC /* CrewRoster.swift */ = {isa = PBXFileReference; lastKnownFileType = sourcecode.swift; path = CrewRoster.swift; sourceTree = "<group>"; };
		8101F93028B6861E00B8BAAC /* GridLayout.swift */ = {isa = PBXFileReference; lastKnownFileType = sourcecode.swift; path = GridLayout.swift; sourceTree = "<group>"; };
		8101F93228B6884600B8BAAC /* ListLayout.swift */ = {isa = PBXFileReference; lastKnownFileType = sourcecode.swift; path = ListLayout.swift; sourceTree = "<group>"; };
/* End PBXFileReference section */

/* Begin PBXFrameworksBuildPhase section */
		8101F90828B62DA400B8BAAC /* Frameworks */ = {
			isa = PBXFrameworksBuildPhase;
			buildActionMask = 2147483647;
			files = (
			);
			runOnlyForDeploymentPostprocessing = 0;
		};
/* End PBXFrameworksBuildPhase section */

/* Begin PBXGroup section */
		8101F90228B62DA300B8BAAC = {
			isa = PBXGroup;
			children = (
				8101F90D28B62DA400B8BAAC /* Project-8-Moonshot */,
				8101F90C28B62DA400B8BAAC /* Products */,
			);
			sourceTree = "<group>";
		};
		8101F90C28B62DA400B8BAAC /* Products */ = {
			isa = PBXGroup;
			children = (
				8101F90B28B62DA400B8BAAC /* Project-8-Moonshot.app */,
			);
			name = Products;
			sourceTree = "<group>";
		};
		8101F90D28B62DA400B8BAAC /* Project-8-Moonshot */ = {
			isa = PBXGroup;
			children = (
				8101F90E28B62DA400B8BAAC /* Project_8_MoonshotApp.swift */,
				8101F92028B62FDC00B8BAAC /* Astronaut.swift */,
				8101F92428B6332100B8BAAC /* Mission.swift */,
				8101F91028B62DA400B8BAAC /* ContentView.swift */,
				8101F93028B6861E00B8BAAC /* GridLayout.swift */,
				8101F93228B6884600B8BAAC /* ListLayout.swift */,
				8101F92828B6568700B8BAAC /* MissionView.swift */,
				8101F92E28B6801D00B8BAAC /* CrewRoster.swift */,
				8101F92C28B67E8900B8BAAC /* CustomDivider.swift */,
				8101F92A28B662DA00B8BAAC /* AstronautView.swift */,
				8101F92628B6467400B8BAAC /* Color-Theme.swift */,
				8101F92228B630AB00B8BAAC /* Bundle-Decodable.swift */,
				8101F91C28B62EF200B8BAAC /* astronauts.json */,
				8101F91D28B62EF200B8BAAC /* missions.json */,
				8101F91228B62DA900B8BAAC /* Assets.xcassets */,
				8101F91428B62DA900B8BAAC /* Preview Content */,
			);
			path = "Project-8-Moonshot";
			sourceTree = "<group>";
		};
		8101F91428B62DA900B8BAAC /* Preview Content */ = {
			isa = PBXGroup;
			children = (
				8101F91528B62DA900B8BAAC /* Preview Assets.xcassets */,
			);
			path = "Preview Content";
			sourceTree = "<group>";
		};
/* End PBXGroup section */

/* Begin PBXNativeTarget section */
		8101F90A28B62DA400B8BAAC /* Project-8-Moonshot */ = {
			isa = PBXNativeTarget;
			buildConfigurationList = 8101F91928B62DA900B8BAAC /* Build configuration list for PBXNativeTarget "Project-8-Moonshot" */;
			buildPhases = (
				8101F90728B62DA400B8BAAC /* Sources */,
				8101F90828B62DA400B8BAAC /* Frameworks */,
				8101F90928B62DA400B8BAAC /* Resources */,
			);
			buildRules = (
			);
			dependencies = (
			);
			name = "Project-8-Moonshot";
			productName = "Project-8-Moonshot";
			productReference = 8101F90B28B62DA400B8BAAC /* Project-8-Moonshot.app */;
			productType = "com.apple.product-type.application";
		};
/* End PBXNativeTarget section */

/* Begin PBXProject section */
		8101F90328B62DA300B8BAAC /* Project object */ = {
			isa = PBXProject;
			attributes = {
				BuildIndependentTargetsInParallel = 1;
				LastSwiftUpdateCheck = 1340;
				LastUpgradeCheck = 1340;
				TargetAttributes = {
					8101F90A28B62DA400B8BAAC = {
						CreatedOnToolsVersion = 13.4.1;
					};
				};
			};
			buildConfigurationList = 8101F90628B62DA300B8BAAC /* Build configuration list for PBXProject "Project-8-Moonshot" */;
			compatibilityVersion = "Xcode 13.0";
			developmentRegion = en;
			hasScannedForEncodings = 0;
			knownRegions = (
				en,
				Base,
			);
			mainGroup = 8101F90228B62DA300B8BAAC;
			productRefGroup = 8101F90C28B62DA400B8BAAC /* Products */;
			projectDirPath = "";
			projectRoot = "";
			targets = (
				8101F90A28B62DA400B8BAAC /* Project-8-Moonshot */,
			);
		};
/* End PBXProject section */

/* Begin PBXResourcesBuildPhase section */
		8101F90928B62DA400B8BAAC /* Resources */ = {
			isa = PBXResourcesBuildPhase;
			buildActionMask = 2147483647;
			files = (
				8101F91E28B62EF200B8BAAC /* astronauts.json in Resources */,
				8101F91628B62DA900B8BAAC /* Preview Assets.xcassets in Resources */,
				8101F91F28B62EF200B8BAAC /* missions.json in Resources */,
				8101F91328B62DA900B8BAAC /* Assets.xcassets in Resources */,
			);
			runOnlyForDeploymentPostprocessing = 0;
		};
/* End PBXResourcesBuildPhase section */

/* Begin PBXSourcesBuildPhase section */
		8101F90728B62DA400B8BAAC /* Sources */ = {
			isa = PBXSourcesBuildPhase;
			buildActionMask = 2147483647;
			files = (
				8101F92928B6568700B8BAAC /* MissionView.swift in Sources */,
				8101F92128B62FDC00B8BAAC /* Astronaut.swift in Sources */,
				8101F92B28B662DA00B8BAAC /* AstronautView.swift in Sources */,
				8101F92F28B6801D00B8BAAC /* CrewRoster.swift in Sources */,
				8101F92728B6467400B8BAAC /* Color-Theme.swift in Sources */,
				8101F91128B62DA400B8BAAC /* ContentView.swift in Sources */,
				8101F90F28B62DA400B8BAAC /* Project_8_MoonshotApp.swift in Sources */,
				8101F92528B6332100B8BAAC /* Mission.swift in Sources */,
				8101F92328B630AB00B8BAAC /* Bundle-Decodable.swift in Sources */,
				8101F93328B6884600B8BAAC /* ListLayout.swift in Sources */,
				8101F92D28B67E8900B8BAAC /* CustomDivider.swift in Sources */,
				8101F93128B6861E00B8BAAC /* GridLayout.swift in Sources */,
			);
			runOnlyForDeploymentPostprocessing = 0;
		};
/* End PBXSourcesBuildPhase section */

/* Begin XCBuildConfiguration section */
		8101F91728B62DA900B8BAAC /* Debug */ = {
			isa = XCBuildConfiguration;
			buildSettings = {
				ALWAYS_SEARCH_USER_PATHS = NO;
				CLANG_ANALYZER_NONNULL = YES;
				CLANG_ANALYZER_NUMBER_OBJECT_CONVERSION = YES_AGGRESSIVE;
				CLANG_CXX_LANGUAGE_STANDARD = "gnu++17";
				CLANG_ENABLE_MODULES = YES;
				CLANG_ENABLE_OBJC_ARC = YES;
				CLANG_ENABLE_OBJC_WEAK = YES;
				CLANG_WARN_BLOCK_CAPTURE_AUTORELEASING = YES;
				CLANG_WARN_BOOL_CONVERSION = YES;
				CLANG_WARN_COMMA = YES;
				CLANG_WARN_CONSTANT_CONVERSION = YES;
				CLANG_WARN_DEPRECATED_OBJC_IMPLEMENTATIONS = YES;
				CLANG_WARN_DIRECT_OBJC_ISA_USAGE = YES_ERROR;
				CLANG_WARN_DOCUMENTATION_COMMENTS = YES;
				CLANG_WARN_EMPTY_BODY = YES;
				CLANG_WARN_ENUM_CONVERSION = YES;
				CLANG_WARN_INFINITE_RECURSION = YES;
				CLANG_WARN_INT_CONVERSION = YES;
				CLANG_WARN_NON_LITERAL_NULL_CONVERSION = YES;
				CLANG_WARN_OBJC_IMPLICIT_RETAIN_SELF = YES;
				CLANG_WARN_OBJC_LITERAL_CONVERSION = YES;
				CLANG_WARN_OBJC_ROOT_CLASS = YES_ERROR;
				CLANG_WARN_QUOTED_INCLUDE_IN_FRAMEWORK_HEADER = YES;
				CLANG_WARN_RANGE_LOOP_ANALYSIS = YES;
				CLANG_WARN_STRICT_PROTOTYPES = YES;
				CLANG_WARN_SUSPICIOUS_MOVE = YES;
				CLANG_WARN_UNGUARDED_AVAILABILITY = YES_AGGRESSIVE;
				CLANG_WARN_UNREACHABLE_CODE = YES;
				CLANG_WARN__DUPLICATE_METHOD_MATCH = YES;
				COPY_PHASE_STRIP = NO;
				DEBUG_INFORMATION_FORMAT = dwarf;
				ENABLE_STRICT_OBJC_MSGSEND = YES;
				ENABLE_TESTABILITY = YES;
				GCC_C_LANGUAGE_STANDARD = gnu11;
				GCC_DYNAMIC_NO_PIC = NO;
				GCC_NO_COMMON_BLOCKS = YES;
				GCC_OPTIMIZATION_LEVEL = 0;
				GCC_PREPROCESSOR_DEFINITIONS = (
					"DEBUG=1",
					"$(inherited)",
				);
				GCC_WARN_64_TO_32_BIT_CONVERSION = YES;
				GCC_WARN_ABOUT_RETURN_TYPE = YES_ERROR;
				GCC_WARN_UNDECLARED_SELECTOR = YES;
				GCC_WARN_UNINITIALIZED_AUTOS = YES_AGGRESSIVE;
				GCC_WARN_UNUSED_FUNCTION = YES;
				GCC_WARN_UNUSED_VARIABLE = YES;
				IPHONEOS_DEPLOYMENT_TARGET = 15.5;
				MTL_ENABLE_DEBUG_INFO = INCLUDE_SOURCE;
				MTL_FAST_MATH = YES;
				ONLY_ACTIVE_ARCH = YES;
				SDKROOT = iphoneos;
				SWIFT_ACTIVE_COMPILATION_CONDITIONS = DEBUG;
				SWIFT_OPTIMIZATION_LEVEL = "-Onone";
			};
			name = Debug;
		};
		8101F91828B62DA900B8BAAC /* Release */ = {
			isa = XCBuildConfiguration;
			buildSettings = {
				ALWAYS_SEARCH_USER_PATHS = NO;
				CLANG_ANALYZER_NONNULL = YES;
				CLANG_ANALYZER_NUMBER_OBJECT_CONVERSION = YES_AGGRESSIVE;
				CLANG_CXX_LANGUAGE_STANDARD = "gnu++17";
				CLANG_ENABLE_MODULES = YES;
				CLANG_ENABLE_OBJC_ARC = YES;
				CLANG_ENABLE_OBJC_WEAK = YES;
				CLANG_WARN_BLOCK_CAPTURE_AUTORELEASING = YES;
				CLANG_WARN_BOOL_CONVERSION = YES;
				CLANG_WARN_COMMA = YES;
				CLANG_WARN_CONSTANT_CONVERSION = YES;
				CLANG_WARN_DEPRECATED_OBJC_IMPLEMENTATIONS = YES;
				CLANG_WARN_DIRECT_OBJC_ISA_USAGE = YES_ERROR;
				CLANG_WARN_DOCUMENTATION_COMMENTS = YES;
				CLANG_WARN_EMPTY_BODY = YES;
				CLANG_WARN_ENUM_CONVERSION = YES;
				CLANG_WARN_INFINITE_RECURSION = YES;
				CLANG_WARN_INT_CONVERSION = YES;
				CLANG_WARN_NON_LITERAL_NULL_CONVERSION = YES;
				CLANG_WARN_OBJC_IMPLICIT_RETAIN_SELF = YES;
				CLANG_WARN_OBJC_LITERAL_CONVERSION = YES;
				CLANG_WARN_OBJC_ROOT_CLASS = YES_ERROR;
				CLANG_WARN_QUOTED_INCLUDE_IN_FRAMEWORK_HEADER = YES;
				CLANG_WARN_RANGE_LOOP_ANALYSIS = YES;
				CLANG_WARN_STRICT_PROTOTYPES = YES;
				CLANG_WARN_SUSPICIOUS_MOVE = YES;
				CLANG_WARN_UNGUARDED_AVAILABILITY = YES_AGGRESSIVE;
				CLANG_WARN_UNREACHABLE_CODE = YES;
				CLANG_WARN__DUPLICATE_METHOD_MATCH = YES;
				COPY_PHASE_STRIP = NO;
				DEBUG_INFORMATION_FORMAT = "dwarf-with-dsym";
				ENABLE_NS_ASSERTIONS = NO;
				ENABLE_STRICT_OBJC_MSGSEND = YES;
				GCC_C_LANGUAGE_STANDARD = gnu11;
				GCC_NO_COMMON_BLOCKS = YES;
				GCC_WARN_64_TO_32_BIT_CONVERSION = YES;
				GCC_WARN_ABOUT_RETURN_TYPE = YES_ERROR;
				GCC_WARN_UNDECLARED_SELECTOR = YES;
				GCC_WARN_UNINITIALIZED_AUTOS = YES_AGGRESSIVE;
				GCC_WARN_UNUSED_FUNCTION = YES;
				GCC_WARN_UNUSED_VARIABLE = YES;
				IPHONEOS_DEPLOYMENT_TARGET = 15.5;
				MTL_ENABLE_DEBUG_INFO = NO;
				MTL_FAST_MATH = YES;
				SDKROOT = iphoneos;
				SWIFT_COMPILATION_MODE = wholemodule;
				SWIFT_OPTIMIZATION_LEVEL = "-O";
				VALIDATE_PRODUCT = YES;
			};
			name = Release;
		};
		8101F91A28B62DA900B8BAAC /* Debug */ = {
			isa = XCBuildConfiguration;
			buildSettings = {
				ASSETCATALOG_COMPILER_APPICON_NAME = AppIcon;
				ASSETCATALOG_COMPILER_GLOBAL_ACCENT_COLOR_NAME = AccentColor;
				CODE_SIGN_STYLE = Automatic;
				CURRENT_PROJECT_VERSION = 1;
				DEVELOPMENT_ASSET_PATHS = "\"Project-8-Moonshot/Preview Content\"";
				DEVELOPMENT_TEAM = NQ7FTC36J3;
				ENABLE_PREVIEWS = YES;
				GENERATE_INFOPLIST_FILE = YES;
				INFOPLIST_KEY_UIApplicationSceneManifest_Generation = YES;
				INFOPLIST_KEY_UIApplicationSupportsIndirectInputEvents = YES;
				INFOPLIST_KEY_UILaunchScreen_Generation = YES;
				INFOPLIST_KEY_UISupportedInterfaceOrientations_iPad = "UIInterfaceOrientationPortrait UIInterfaceOrientationPortraitUpsideDown UIInterfaceOrientationLandscapeLeft UIInterfaceOrientationLandscapeRight";
				INFOPLIST_KEY_UISupportedInterfaceOrientations_iPhone = "UIInterfaceOrientationPortrait UIInterfaceOrientationLandscapeLeft UIInterfaceOrientationLandscapeRight";
				LD_RUNPATH_SEARCH_PATHS = (
					"$(inherited)",
					"@executable_path/Frameworks",
				);
				MARKETING_VERSION = 1.0;
				PRODUCT_BUNDLE_IDENTIFIER = "com.weve-got-it.Project-8-Moonshot";
				PRODUCT_NAME = "$(TARGET_NAME)";
				SWIFT_EMIT_LOC_STRINGS = YES;
				SWIFT_VERSION = 5.0;
				TARGETED_DEVICE_FAMILY = "1,2";
			};
			name = Debug;
		};
		8101F91B28B62DA900B8BAAC /* Release */ = {
			isa = XCBuildConfiguration;
			buildSettings = {
				ASSETCATALOG_COMPILER_APPICON_NAME = AppIcon;
				ASSETCATALOG_COMPILER_GLOBAL_ACCENT_COLOR_NAME = AccentColor;
				CODE_SIGN_STYLE = Automatic;
				CURRENT_PROJECT_VERSION = 1;
				DEVELOPMENT_ASSET_PATHS = "\"Project-8-Moonshot/Preview Content\"";
				DEVELOPMENT_TEAM = NQ7FTC36J3;
				ENABLE_PREVIEWS = YES;
				GENERATE_INFOPLIST_FILE = YES;
				INFOPLIST_KEY_UIApplicationSceneManifest_Generation = YES;
				INFOPLIST_KEY_UIApplicationSupportsIndirectInputEvents = YES;
				INFOPLIST_KEY_UILaunchScreen_Generation = YES;
				INFOPLIST_KEY_UISupportedInterfaceOrientations_iPad = "UIInterfaceOrientationPortrait UIInterfaceOrientationPortraitUpsideDown UIInterfaceOrientationLandscapeLeft UIInterfaceOrientationLandscapeRight";
				INFOPLIST_KEY_UISupportedInterfaceOrientations_iPhone = "UIInterfaceOrientationPortrait UIInterfaceOrientationLandscapeLeft UIInterfaceOrientationLandscapeRight";
				LD_RUNPATH_SEARCH_PATHS = (
					"$(inherited)",
					"@executable_path/Frameworks",
				);
				MARKETING_VERSION = 1.0;
				PRODUCT_BUNDLE_IDENTIFIER = "com.weve-got-it.Project-8-Moonshot";
				PRODUCT_NAME = "$(TARGET_NAME)";
				SWIFT_EMIT_LOC_STRINGS = YES;
				SWIFT_VERSION = 5.0;
				TARGETED_DEVICE_FAMILY = "1,2";
			};
			name = Release;
		};
/* End XCBuildConfiguration section */

/* Begin XCConfigurationList section */
		8101F90628B62DA300B8BAAC /* Build configuration list for PBXProject "Project-8-Moonshot" */ = {
			isa = XCConfigurationList;
			buildConfigurations = (
				8101F91728B62DA900B8BAAC /* Debug */,
				8101F91828B62DA900B8BAAC /* Release */,
			);
			defaultConfigurationIsVisible = 0;
			defaultConfigurationName = Release;
		};
		8101F91928B62DA900B8BAAC /* Build configuration list for PBXNativeTarget "Project-8-Moonshot" */ = {
			isa = XCConfigurationList;
			buildConfigurations = (
				8101F91A28B62DA900B8BAAC /* Debug */,
				8101F91B28B62DA900B8BAAC /* Release */,
			);
			defaultConfigurationIsVisible = 0;
			defaultConfigurationName = Release;
		};
/* End XCConfigurationList section */
	};
	rootObject = 8101F90328B62DA300B8BAAC /* Project object */;
}
