// !$*UTF8*$!
{
	archiveVersion = 1;
	classes = {
	};
	objectVersion = 55;
	objects = {

/* Begin PBXBuildFile section */
		813E0E2A28CFC2C30000BD8B /* Milestone_5_FriendFaceApp.swift in Sources */ = {isa = PBXBuildFile; fileRef = 813E0E2928CFC2C30000BD8B /* Milestone_5_FriendFaceApp.swift */; };
		813E0E2C28CFC2C30000BD8B /* ContentView.swift in Sources */ = {isa = PBXBuildFile; fileRef = 813E0E2B28CFC2C30000BD8B /* ContentView.swift */; };
		813E0E2E28CFC2CD0000BD8B /* Assets.xcassets in Resources */ = {isa = PBXBuildFile; fileRef = 813E0E2D28CFC2CD0000BD8B /* Assets.xcassets */; };
		813E0E3128CFC2CD0000BD8B /* Preview Assets.xcassets in Resources */ = {isa = PBXBuildFile; fileRef = 813E0E3028CFC2CD0000BD8B /* Preview Assets.xcassets */; };
		813E0E3828CFCA020000BD8B /* User.swift in Sources */ = {isa = PBXBuildFile; fileRef = 813E0E3728CFCA020000BD8B /* User.swift */; };
		813E0E3A28CFCA920000BD8B /* Friend.swift in Sources */ = {isa = PBXBuildFile; fileRef = 813E0E3928CFCA920000BD8B /* Friend.swift */; };
		813E0E3C28CFCD990000BD8B /* UserView.swift in Sources */ = {isa = PBXBuildFile; fileRef = 813E0E3B28CFCD990000BD8B /* UserView.swift */; };
		813E0E3E28CFD0BF0000BD8B /* DataController.swift in Sources */ = {isa = PBXBuildFile; fileRef = 813E0E3D28CFD0BF0000BD8B /* DataController.swift */; };
		813E0E4128CFD1000000BD8B /* FriendFace.xcdatamodeld in Sources */ = {isa = PBXBuildFile; fileRef = 813E0E3F28CFD1000000BD8B /* FriendFace.xcdatamodeld */; };
		813E0E4628CFD26C0000BD8B /* CachedUser+CoreDataClass.swift in Sources */ = {isa = PBXBuildFile; fileRef = 813E0E4228CFD26C0000BD8B /* CachedUser+CoreDataClass.swift */; };
		813E0E4728CFD26C0000BD8B /* CachedUser+CoreDataProperties.swift in Sources */ = {isa = PBXBuildFile; fileRef = 813E0E4328CFD26C0000BD8B /* CachedUser+CoreDataProperties.swift */; };
		813E0E4828CFD26C0000BD8B /* CachedFriend+CoreDataClass.swift in Sources */ = {isa = PBXBuildFile; fileRef = 813E0E4428CFD26C0000BD8B /* CachedFriend+CoreDataClass.swift */; };
		813E0E4928CFD26C0000BD8B /* CachedFriend+CoreDataProperties.swift in Sources */ = {isa = PBXBuildFile; fileRef = 813E0E4528CFD26C0000BD8B /* CachedFriend+CoreDataProperties.swift */; };
/* End PBXBuildFile section */

/* Begin PBXFileReference section */
		813E0E2628CFC2C30000BD8B /* Milestone-5-FriendFace.app */ = {isa = PBXFileReference; explicitFileType = wrapper.application; includeInIndex = 0; path = "Milestone-5-FriendFace.app"; sourceTree = BUILT_PRODUCTS_DIR; };
		813E0E2928CFC2C30000BD8B /* Milestone_5_FriendFaceApp.swift */ = {isa = PBXFileReference; lastKnownFileType = sourcecode.swift; path = Milestone_5_FriendFaceApp.swift; sourceTree = "<group>"; };
		813E0E2B28CFC2C30000BD8B /* ContentView.swift */ = {isa = PBXFileReference; lastKnownFileType = sourcecode.swift; path = ContentView.swift; sourceTree = "<group>"; };
		813E0E2D28CFC2CD0000BD8B /* Assets.xcassets */ = {isa = PBXFileReference; lastKnownFileType = folder.assetcatalog; path = Assets.xcassets; sourceTree = "<group>"; };
		813E0E3028CFC2CD0000BD8B /* Preview Assets.xcassets */ = {isa = PBXFileReference; lastKnownFileType = folder.assetcatalog; path = "Preview Assets.xcassets"; sourceTree = "<group>"; };
		813E0E3728CFCA020000BD8B /* User.swift */ = {isa = PBXFileReference; lastKnownFileType = sourcecode.swift; path = User.swift; sourceTree = "<group>"; };
		813E0E3928CFCA920000BD8B /* Friend.swift */ = {isa = PBXFileReference; lastKnownFileType = sourcecode.swift; path = Friend.swift; sourceTree = "<group>"; };
		813E0E3B28CFCD990000BD8B /* UserView.swift */ = {isa = PBXFileReference; lastKnownFileType = sourcecode.swift; path = UserView.swift; sourceTree = "<group>"; };
		813E0E3D28CFD0BF0000BD8B /* DataController.swift */ = {isa = PBXFileReference; fileEncoding = 4; lastKnownFileType = sourcecode.swift; path = DataController.swift; sourceTree = "<group>"; };
		813E0E4028CFD1000000BD8B /* FriendFace.xcdatamodel */ = {isa = PBXFileReference; lastKnownFileType = wrapper.xcdatamodel; path = FriendFace.xcdatamodel; sourceTree = "<group>"; };
		813E0E4228CFD26C0000BD8B /* CachedUser+CoreDataClass.swift */ = {isa = PBXFileReference; lastKnownFileType = sourcecode.swift; path = "CachedUser+CoreDataClass.swift"; sourceTree = SOURCE_ROOT; };
		813E0E4328CFD26C0000BD8B /* CachedUser+CoreDataProperties.swift */ = {isa = PBXFileReference; lastKnownFileType = sourcecode.swift; path = "CachedUser+CoreDataProperties.swift"; sourceTree = SOURCE_ROOT; };
		813E0E4428CFD26C0000BD8B /* CachedFriend+CoreDataClass.swift */ = {isa = PBXFileReference; lastKnownFileType = sourcecode.swift; path = "CachedFriend+CoreDataClass.swift"; sourceTree = SOURCE_ROOT; };
		813E0E4528CFD26C0000BD8B /* CachedFriend+CoreDataProperties.swift */ = {isa = PBXFileReference; lastKnownFileType = sourcecode.swift; path = "CachedFriend+CoreDataProperties.swift"; sourceTree = SOURCE_ROOT; };
/* End PBXFileReference section */

/* Begin PBXFrameworksBuildPhase section */
		813E0E2328CFC2C30000BD8B /* Frameworks */ = {
			isa = PBXFrameworksBuildPhase;
			buildActionMask = 2147483647;
			files = (
			);
			runOnlyForDeploymentPostprocessing = 0;
		};
/* End PBXFrameworksBuildPhase section */

/* Begin PBXGroup section */
		813E0E1D28CFC2C30000BD8B = {
			isa = PBXGroup;
			children = (
				813E0E2828CFC2C30000BD8B /* Milestone-5-FriendFace */,
				813E0E2728CFC2C30000BD8B /* Products */,
			);
			sourceTree = "<group>";
		};
		813E0E2728CFC2C30000BD8B /* Products */ = {
			isa = PBXGroup;
			children = (
				813E0E2628CFC2C30000BD8B /* Milestone-5-FriendFace.app */,
			);
			name = Products;
			sourceTree = "<group>";
		};
		813E0E2828CFC2C30000BD8B /* Milestone-5-FriendFace */ = {
			isa = PBXGroup;
			children = (
				813E0E4228CFD26C0000BD8B /* CachedUser+CoreDataClass.swift */,
				813E0E4328CFD26C0000BD8B /* CachedUser+CoreDataProperties.swift */,
				813E0E4428CFD26C0000BD8B /* CachedFriend+CoreDataClass.swift */,
				813E0E4528CFD26C0000BD8B /* CachedFriend+CoreDataProperties.swift */,
				813E0E2928CFC2C30000BD8B /* Milestone_5_FriendFaceApp.swift */,
				813E0E2B28CFC2C30000BD8B /* ContentView.swift */,
				813E0E3B28CFCD990000BD8B /* UserView.swift */,
				813E0E3728CFCA020000BD8B /* User.swift */,
				813E0E3928CFCA920000BD8B /* Friend.swift */,
				813E0E3D28CFD0BF0000BD8B /* DataController.swift */,
				813E0E3F28CFD1000000BD8B /* FriendFace.xcdatamodeld */,
				813E0E2D28CFC2CD0000BD8B /* Assets.xcassets */,
				813E0E2F28CFC2CD0000BD8B /* Preview Content */,
			);
			path = "Milestone-5-FriendFace";
			sourceTree = "<group>";
		};
		813E0E2F28CFC2CD0000BD8B /* Preview Content */ = {
			isa = PBXGroup;
			children = (
				813E0E3028CFC2CD0000BD8B /* Preview Assets.xcassets */,
			);
			path = "Preview Content";
			sourceTree = "<group>";
		};
/* End PBXGroup section */

/* Begin PBXNativeTarget section */
		813E0E2528CFC2C30000BD8B /* Milestone-5-FriendFace */ = {
			isa = PBXNativeTarget;
			buildConfigurationList = 813E0E3428CFC2CD0000BD8B /* Build configuration list for PBXNativeTarget "Milestone-5-FriendFace" */;
			buildPhases = (
				813E0E2228CFC2C30000BD8B /* Sources */,
				813E0E2328CFC2C30000BD8B /* Frameworks */,
				813E0E2428CFC2C30000BD8B /* Resources */,
			);
			buildRules = (
			);
			dependencies = (
			);
			name = "Milestone-5-FriendFace";
			productName = "Milestone-5-FriendFace";
			productReference = 813E0E2628CFC2C30000BD8B /* Milestone-5-FriendFace.app */;
			productType = "com.apple.product-type.application";
		};
/* End PBXNativeTarget section */

/* Begin PBXProject section */
		813E0E1E28CFC2C30000BD8B /* Project object */ = {
			isa = PBXProject;
			attributes = {
				BuildIndependentTargetsInParallel = 1;
				LastSwiftUpdateCheck = 1340;
				LastUpgradeCheck = 1340;
				TargetAttributes = {
					813E0E2528CFC2C30000BD8B = {
						CreatedOnToolsVersion = 13.4.1;
					};
				};
			};
			buildConfigurationList = 813E0E2128CFC2C30000BD8B /* Build configuration list for PBXProject "Milestone-5-FriendFace" */;
			compatibilityVersion = "Xcode 13.0";
			developmentRegion = en;
			hasScannedForEncodings = 0;
			knownRegions = (
				en,
				Base,
			);
			mainGroup = 813E0E1D28CFC2C30000BD8B;
			productRefGroup = 813E0E2728CFC2C30000BD8B /* Products */;
			projectDirPath = "";
			projectRoot = "";
			targets = (
				813E0E2528CFC2C30000BD8B /* Milestone-5-FriendFace */,
			);
		};
/* End PBXProject section */

/* Begin PBXResourcesBuildPhase section */
		813E0E2428CFC2C30000BD8B /* Resources */ = {
			isa = PBXResourcesBuildPhase;
			buildActionMask = 2147483647;
			files = (
				813E0E3128CFC2CD0000BD8B /* Preview Assets.xcassets in Resources */,
				813E0E2E28CFC2CD0000BD8B /* Assets.xcassets in Resources */,
			);
			runOnlyForDeploymentPostprocessing = 0;
		};
/* End PBXResourcesBuildPhase section */

/* Begin PBXSourcesBuildPhase section */
		813E0E2228CFC2C30000BD8B /* Sources */ = {
			isa = PBXSourcesBuildPhase;
			buildActionMask = 2147483647;
			files = (
				813E0E2C28CFC2C30000BD8B /* ContentView.swift in Sources */,
				813E0E3E28CFD0BF0000BD8B /* DataController.swift in Sources */,
				813E0E2A28CFC2C30000BD8B /* Milestone_5_FriendFaceApp.swift in Sources */,
				813E0E4128CFD1000000BD8B /* FriendFace.xcdatamodeld in Sources */,
				813E0E4628CFD26C0000BD8B /* CachedUser+CoreDataClass.swift in Sources */,
				813E0E4928CFD26C0000BD8B /* CachedFriend+CoreDataProperties.swift in Sources */,
				813E0E3C28CFCD990000BD8B /* UserView.swift in Sources */,
				813E0E3828CFCA020000BD8B /* User.swift in Sources */,
				813E0E4728CFD26C0000BD8B /* CachedUser+CoreDataProperties.swift in Sources */,
				813E0E4828CFD26C0000BD8B /* CachedFriend+CoreDataClass.swift in Sources */,
				813E0E3A28CFCA920000BD8B /* Friend.swift in Sources */,
			);
			runOnlyForDeploymentPostprocessing = 0;
		};
/* End PBXSourcesBuildPhase section */

/* Begin XCBuildConfiguration section */
		813E0E3228CFC2CD0000BD8B /* Debug */ = {
			isa = XCBuildConfiguration;
			buildSettings = {
				ALWAYS_SEARCH_USER_PATHS = NO;
				CLANG_ANALYZER_NONNULL = YES;
				CLANG_ANALYZER_NUMBER_OBJECT_CONVERSION = YES_AGGRESSIVE;
				CLANG_CXX_LANGUAGE_STANDARD = "gnu++17";
				CLANG_ENABLE_MODULES = YES;
				CLANG_ENABLE_OBJC_ARC = YES;
				CLANG_ENABLE_OBJC_WEAK = YES;
				CLANG_WARN_BLOCK_CAPTURE_AUTORELEASING = YES;
				CLANG_WARN_BOOL_CONVERSION = YES;
				CLANG_WARN_COMMA = YES;
				CLANG_WARN_CONSTANT_CONVERSION = YES;
				CLANG_WARN_DEPRECATED_OBJC_IMPLEMENTATIONS = YES;
				CLANG_WARN_DIRECT_OBJC_ISA_USAGE = YES_ERROR;
				CLANG_WARN_DOCUMENTATION_COMMENTS = YES;
				CLANG_WARN_EMPTY_BODY = YES;
				CLANG_WARN_ENUM_CONVERSION = YES;
				CLANG_WARN_INFINITE_RECURSION = YES;
				CLANG_WARN_INT_CONVERSION = YES;
				CLANG_WARN_NON_LITERAL_NULL_CONVERSION = YES;
				CLANG_WARN_OBJC_IMPLICIT_RETAIN_SELF = YES;
				CLANG_WARN_OBJC_LITERAL_CONVERSION = YES;
				CLANG_WARN_OBJC_ROOT_CLASS = YES_ERROR;
				CLANG_WARN_QUOTED_INCLUDE_IN_FRAMEWORK_HEADER = YES;
				CLANG_WARN_RANGE_LOOP_ANALYSIS = YES;
				CLANG_WARN_STRICT_PROTOTYPES = YES;
				CLANG_WARN_SUSPICIOUS_MOVE = YES;
				CLANG_WARN_UNGUARDED_AVAILABILITY = YES_AGGRESSIVE;
				CLANG_WARN_UNREACHABLE_CODE = YES;
				CLANG_WARN__DUPLICATE_METHOD_MATCH = YES;
				COPY_PHASE_STRIP = NO;
				DEBUG_INFORMATION_FORMAT = dwarf;
				ENABLE_STRICT_OBJC_MSGSEND = YES;
				ENABLE_TESTABILITY = YES;
				GCC_C_LANGUAGE_STANDARD = gnu11;
				GCC_DYNAMIC_NO_PIC = NO;
				GCC_NO_COMMON_BLOCKS = YES;
				GCC_OPTIMIZATION_LEVEL = 0;
				GCC_PREPROCESSOR_DEFINITIONS = (
					"DEBUG=1",
					"$(inherited)",
				);
				GCC_WARN_64_TO_32_BIT_CONVERSION = YES;
				GCC_WARN_ABOUT_RETURN_TYPE = YES_ERROR;
				GCC_WARN_UNDECLARED_SELECTOR = YES;
				GCC_WARN_UNINITIALIZED_AUTOS = YES_AGGRESSIVE;
				GCC_WARN_UNUSED_FUNCTION = YES;
				GCC_WARN_UNUSED_VARIABLE = YES;
				IPHONEOS_DEPLOYMENT_TARGET = 15.5;
				MTL_ENABLE_DEBUG_INFO = INCLUDE_SOURCE;
				MTL_FAST_MATH = YES;
				ONLY_ACTIVE_ARCH = YES;
				SDKROOT = iphoneos;
				SWIFT_ACTIVE_COMPILATION_CONDITIONS = DEBUG;
				SWIFT_OPTIMIZATION_LEVEL = "-Onone";
			};
			name = Debug;
		};
		813E0E3328CFC2CD0000BD8B /* Release */ = {
			isa = XCBuildConfiguration;
			buildSettings = {
				ALWAYS_SEARCH_USER_PATHS = NO;
				CLANG_ANALYZER_NONNULL = YES;
				CLANG_ANALYZER_NUMBER_OBJECT_CONVERSION = YES_AGGRESSIVE;
				CLANG_CXX_LANGUAGE_STANDARD = "gnu++17";
				CLANG_ENABLE_MODULES = YES;
				CLANG_ENABLE_OBJC_ARC = YES;
				CLANG_ENABLE_OBJC_WEAK = YES;
				CLANG_WARN_BLOCK_CAPTURE_AUTORELEASING = YES;
				CLANG_WARN_BOOL_CONVERSION = YES;
				CLANG_WARN_COMMA = YES;
				CLANG_WARN_CONSTANT_CONVERSION = YES;
				CLANG_WARN_DEPRECATED_OBJC_IMPLEMENTATIONS = YES;
				CLANG_WARN_DIRECT_OBJC_ISA_USAGE = YES_ERROR;
				CLANG_WARN_DOCUMENTATION_COMMENTS = YES;
				CLANG_WARN_EMPTY_BODY = YES;
				CLANG_WARN_ENUM_CONVERSION = YES;
				CLANG_WARN_INFINITE_RECURSION = YES;
				CLANG_WARN_INT_CONVERSION = YES;
				CLANG_WARN_NON_LITERAL_NULL_CONVERSION = YES;
				CLANG_WARN_OBJC_IMPLICIT_RETAIN_SELF = YES;
				CLANG_WARN_OBJC_LITERAL_CONVERSION = YES;
				CLANG_WARN_OBJC_ROOT_CLASS = YES_ERROR;
				CLANG_WARN_QUOTED_INCLUDE_IN_FRAMEWORK_HEADER = YES;
				CLANG_WARN_RANGE_LOOP_ANALYSIS = YES;
				CLANG_WARN_STRICT_PROTOTYPES = YES;
				CLANG_WARN_SUSPICIOUS_MOVE = YES;
				CLANG_WARN_UNGUARDED_AVAILABILITY = YES_AGGRESSIVE;
				CLANG_WARN_UNREACHABLE_CODE = YES;
				CLANG_WARN__DUPLICATE_METHOD_MATCH = YES;
				COPY_PHASE_STRIP = NO;
				DEBUG_INFORMATION_FORMAT = "dwarf-with-dsym";
				ENABLE_NS_ASSERTIONS = NO;
				ENABLE_STRICT_OBJC_MSGSEND = YES;
				GCC_C_LANGUAGE_STANDARD = gnu11;
				GCC_NO_COMMON_BLOCKS = YES;
				GCC_WARN_64_TO_32_BIT_CONVERSION = YES;
				GCC_WARN_ABOUT_RETURN_TYPE = YES_ERROR;
				GCC_WARN_UNDECLARED_SELECTOR = YES;
				GCC_WARN_UNINITIALIZED_AUTOS = YES_AGGRESSIVE;
				GCC_WARN_UNUSED_FUNCTION = YES;
				GCC_WARN_UNUSED_VARIABLE = YES;
				IPHONEOS_DEPLOYMENT_TARGET = 15.5;
				MTL_ENABLE_DEBUG_INFO = NO;
				MTL_FAST_MATH = YES;
				SDKROOT = iphoneos;
				SWIFT_COMPILATION_MODE = wholemodule;
				SWIFT_OPTIMIZATION_LEVEL = "-O";
				VALIDATE_PRODUCT = YES;
			};
			name = Release;
		};
		813E0E3528CFC2CD0000BD8B /* Debug */ = {
			isa = XCBuildConfiguration;
			buildSettings = {
				ASSETCATALOG_COMPILER_APPICON_NAME = AppIcon;
				ASSETCATALOG_COMPILER_GLOBAL_ACCENT_COLOR_NAME = AccentColor;
				CODE_SIGN_STYLE = Automatic;
				CURRENT_PROJECT_VERSION = 1;
				DEVELOPMENT_ASSET_PATHS = "\"Milestone-5-FriendFace/Preview Content\"";
				DEVELOPMENT_TEAM = NQ7FTC36J3;
				ENABLE_PREVIEWS = YES;
				GENERATE_INFOPLIST_FILE = YES;
				INFOPLIST_KEY_UIApplicationSceneManifest_Generation = YES;
				INFOPLIST_KEY_UIApplicationSupportsIndirectInputEvents = YES;
				INFOPLIST_KEY_UILaunchScreen_Generation = YES;
				INFOPLIST_KEY_UISupportedInterfaceOrientations_iPad = "UIInterfaceOrientationPortrait UIInterfaceOrientationPortraitUpsideDown UIInterfaceOrientationLandscapeLeft UIInterfaceOrientationLandscapeRight";
				INFOPLIST_KEY_UISupportedInterfaceOrientations_iPhone = "UIInterfaceOrientationPortrait UIInterfaceOrientationLandscapeLeft UIInterfaceOrientationLandscapeRight";
				LD_RUNPATH_SEARCH_PATHS = (
					"$(inherited)",
					"@executable_path/Frameworks",
				);
				MARKETING_VERSION = 1.0;
				PRODUCT_BUNDLE_IDENTIFIER = "com.weve-got-it.Milestone-5-FriendFace";
				PRODUCT_NAME = "$(TARGET_NAME)";
				SWIFT_EMIT_LOC_STRINGS = YES;
				SWIFT_VERSION = 5.0;
				TARGETED_DEVICE_FAMILY = "1,2";
			};
			name = Debug;
		};
		813E0E3628CFC2CD0000BD8B /* Release */ = {
			isa = XCBuildConfiguration;
			buildSettings = {
				ASSETCATALOG_COMPILER_APPICON_NAME = AppIcon;
				ASSETCATALOG_COMPILER_GLOBAL_ACCENT_COLOR_NAME = AccentColor;
				CODE_SIGN_STYLE = Automatic;
				CURRENT_PROJECT_VERSION = 1;
				DEVELOPMENT_ASSET_PATHS = "\"Milestone-5-FriendFace/Preview Content\"";
				DEVELOPMENT_TEAM = NQ7FTC36J3;
				ENABLE_PREVIEWS = YES;
				GENERATE_INFOPLIST_FILE = YES;
				INFOPLIST_KEY_UIApplicationSceneManifest_Generation = YES;
				INFOPLIST_KEY_UIApplicationSupportsIndirectInputEvents = YES;
				INFOPLIST_KEY_UILaunchScreen_Generation = YES;
				INFOPLIST_KEY_UISupportedInterfaceOrientations_iPad = "UIInterfaceOrientationPortrait UIInterfaceOrientationPortraitUpsideDown UIInterfaceOrientationLandscapeLeft UIInterfaceOrientationLandscapeRight";
				INFOPLIST_KEY_UISupportedInterfaceOrientations_iPhone = "UIInterfaceOrientationPortrait UIInterfaceOrientationLandscapeLeft UIInterfaceOrientationLandscapeRight";
				LD_RUNPATH_SEARCH_PATHS = (
					"$(inherited)",
					"@executable_path/Frameworks",
				);
				MARKETING_VERSION = 1.0;
				PRODUCT_BUNDLE_IDENTIFIER = "com.weve-got-it.Milestone-5-FriendFace";
				PRODUCT_NAME = "$(TARGET_NAME)";
				SWIFT_EMIT_LOC_STRINGS = YES;
				SWIFT_VERSION = 5.0;
				TARGETED_DEVICE_FAMILY = "1,2";
			};
			name = Release;
		};
/* End XCBuildConfiguration section */

/* Begin XCConfigurationList section */
		813E0E2128CFC2C30000BD8B /* Build configuration list for PBXProject "Milestone-5-FriendFace" */ = {
			isa = XCConfigurationList;
			buildConfigurations = (
				813E0E3228CFC2CD0000BD8B /* Debug */,
				813E0E3328CFC2CD0000BD8B /* Release */,
			);
			defaultConfigurationIsVisible = 0;
			defaultConfigurationName = Release;
		};
		813E0E3428CFC2CD0000BD8B /* Build configuration list for PBXNativeTarget "Milestone-5-FriendFace" */ = {
			isa = XCConfigurationList;
			buildConfigurations = (
				813E0E3528CFC2CD0000BD8B /* Debug */,
				813E0E3628CFC2CD0000BD8B /* Release */,
			);
			defaultConfigurationIsVisible = 0;
			defaultConfigurationName = Release;
		};
/* End XCConfigurationList section */

/* Begin XCVersionGroup section */
		813E0E3F28CFD1000000BD8B /* FriendFace.xcdatamodeld */ = {
			isa = XCVersionGroup;
			children = (
				813E0E4028CFD1000000BD8B /* FriendFace.xcdatamodel */,
			);
			currentVersion = 813E0E4028CFD1000000BD8B /* FriendFace.xcdatamodel */;
			path = FriendFace.xcdatamodeld;
			sourceTree = "<group>";
			versionGroupType = wrapper.xcdatamodel;
		};
/* End XCVersionGroup section */
	};
	rootObject = 813E0E1E28CFC2C30000BD8B /* Project object */;
}
