// !$*UTF8*$!
{
	archiveVersion = 1;
	classes = {
	};
	objectVersion = 55;
	objects = {

/* Begin PBXBuildFile section */
		8190E50D28C73CD3004E4B99 /* DetailView.swift in Sources */ = {isa = PBXBuildFile; fileRef = 8190E50C28C73CD3004E4B99 /* DetailView.swift */; };
		81A0643328C607AC000E6AAB /* Project_11_BookwormApp.swift in Sources */ = {isa = PBXBuildFile; fileRef = 81A0643228C607AC000E6AAB /* Project_11_BookwormApp.swift */; };
		81A0643528C607AC000E6AAB /* ContentView.swift in Sources */ = {isa = PBXBuildFile; fileRef = 81A0643428C607AC000E6AAB /* ContentView.swift */; };
		81A0643728C607B6000E6AAB /* Assets.xcassets in Resources */ = {isa = PBXBuildFile; fileRef = 81A0643628C607B6000E6AAB /* Assets.xcassets */; };
		81A0643A28C607B6000E6AAB /* Preview Assets.xcassets in Resources */ = {isa = PBXBuildFile; fileRef = 81A0643928C607B6000E6AAB /* Preview Assets.xcassets */; };
		81A0644228C60D46000E6AAB /* Bookworm.xcdatamodeld in Sources */ = {isa = PBXBuildFile; fileRef = 81A0644028C60D46000E6AAB /* Bookworm.xcdatamodeld */; };
		81A0644428C60DA6000E6AAB /* DataController.swift in Sources */ = {isa = PBXBuildFile; fileRef = 81A0644328C60DA6000E6AAB /* DataController.swift */; };
		81A0644628C61BBA000E6AAB /* AddBookView.swift in Sources */ = {isa = PBXBuildFile; fileRef = 81A0644528C61BBA000E6AAB /* AddBookView.swift */; };
		81A0644828C6228A000E6AAB /* RatingView.swift in Sources */ = {isa = PBXBuildFile; fileRef = 81A0644728C62289000E6AAB /* RatingView.swift */; };
		81A0644A28C6269D000E6AAB /* EmojiRatingView.swift in Sources */ = {isa = PBXBuildFile; fileRef = 81A0644928C6269C000E6AAB /* EmojiRatingView.swift */; };
/* End PBXBuildFile section */

/* Begin PBXFileReference section */
		8190E50C28C73CD3004E4B99 /* DetailView.swift */ = {isa = PBXFileReference; lastKnownFileType = sourcecode.swift; path = DetailView.swift; sourceTree = "<group>"; };
		81A0642F28C607AC000E6AAB /* Project-11-Bookworm.app */ = {isa = PBXFileReference; explicitFileType = wrapper.application; includeInIndex = 0; path = "Project-11-Bookworm.app"; sourceTree = BUILT_PRODUCTS_DIR; };
		81A0643228C607AC000E6AAB /* Project_11_BookwormApp.swift */ = {isa = PBXFileReference; lastKnownFileType = sourcecode.swift; path = Project_11_BookwormApp.swift; sourceTree = "<group>"; };
		81A0643428C607AC000E6AAB /* ContentView.swift */ = {isa = PBXFileReference; lastKnownFileType = sourcecode.swift; path = ContentView.swift; sourceTree = "<group>"; };
		81A0643628C607B6000E6AAB /* Assets.xcassets */ = {isa = PBXFileReference; lastKnownFileType = folder.assetcatalog; path = Assets.xcassets; sourceTree = "<group>"; };
		81A0643928C607B6000E6AAB /* Preview Assets.xcassets */ = {isa = PBXFileReference; lastKnownFileType = folder.assetcatalog; path = "Preview Assets.xcassets"; sourceTree = "<group>"; };
		81A0644128C60D46000E6AAB /* Bookworm.xcdatamodel */ = {isa = PBXFileReference; lastKnownFileType = wrapper.xcdatamodel; path = Bookworm.xcdatamodel; sourceTree = "<group>"; };
		81A0644328C60DA6000E6AAB /* DataController.swift */ = {isa = PBXFileReference; lastKnownFileType = sourcecode.swift; path = DataController.swift; sourceTree = "<group>"; };
		81A0644528C61BBA000E6AAB /* AddBookView.swift */ = {isa = PBXFileReference; lastKnownFileType = sourcecode.swift; path = AddBookView.swift; sourceTree = "<group>"; };
		81A0644728C62289000E6AAB /* RatingView.swift */ = {isa = PBXFileReference; lastKnownFileType = sourcecode.swift; path = RatingView.swift; sourceTree = "<group>"; };
		81A0644928C6269C000E6AAB /* EmojiRatingView.swift */ = {isa = PBXFileReference; lastKnownFileType = sourcecode.swift; path = EmojiRatingView.swift; sourceTree = "<group>"; };
/* End PBXFileReference section */

/* Begin PBXFrameworksBuildPhase section */
		81A0642C28C607AC000E6AAB /* Frameworks */ = {
			isa = PBXFrameworksBuildPhase;
			buildActionMask = 2147483647;
			files = (
			);
			runOnlyForDeploymentPostprocessing = 0;
		};
/* End PBXFrameworksBuildPhase section */

/* Begin PBXGroup section */
		81A0642628C607AB000E6AAB = {
			isa = PBXGroup;
			children = (
				81A0643128C607AC000E6AAB /* Project-11-Bookworm */,
				81A0643028C607AC000E6AAB /* Products */,
			);
			sourceTree = "<group>";
		};
		81A0643028C607AC000E6AAB /* Products */ = {
			isa = PBXGroup;
			children = (
				81A0642F28C607AC000E6AAB /* Project-11-Bookworm.app */,
			);
			name = Products;
			sourceTree = "<group>";
		};
		81A0643128C607AC000E6AAB /* Project-11-Bookworm */ = {
			isa = PBXGroup;
			children = (
				81A0643228C607AC000E6AAB /* Project_11_BookwormApp.swift */,
				81A0643428C607AC000E6AAB /* ContentView.swift */,
				8190E50C28C73CD3004E4B99 /* DetailView.swift */,
				81A0644928C6269C000E6AAB /* EmojiRatingView.swift */,
				81A0644728C62289000E6AAB /* RatingView.swift */,
				81A0644528C61BBA000E6AAB /* AddBookView.swift */,
				81A0644328C60DA6000E6AAB /* DataController.swift */,
				81A0644028C60D46000E6AAB /* Bookworm.xcdatamodeld */,
				81A0643628C607B6000E6AAB /* Assets.xcassets */,
				81A0643828C607B6000E6AAB /* Preview Content */,
			);
			path = "Project-11-Bookworm";
			sourceTree = "<group>";
		};
		81A0643828C607B6000E6AAB /* Preview Content */ = {
			isa = PBXGroup;
			children = (
				81A0643928C607B6000E6AAB /* Preview Assets.xcassets */,
			);
			path = "Preview Content";
			sourceTree = "<group>";
		};
/* End PBXGroup section */

/* Begin PBXNativeTarget section */
		81A0642E28C607AC000E6AAB /* Project-11-Bookworm */ = {
			isa = PBXNativeTarget;
			buildConfigurationList = 81A0643D28C607B6000E6AAB /* Build configuration list for PBXNativeTarget "Project-11-Bookworm" */;
			buildPhases = (
				81A0642B28C607AC000E6AAB /* Sources */,
				81A0642C28C607AC000E6AAB /* Frameworks */,
				81A0642D28C607AC000E6AAB /* Resources */,
			);
			buildRules = (
			);
			dependencies = (
			);
			name = "Project-11-Bookworm";
			productName = "Project-11-Bookworm";
			productReference = 81A0642F28C607AC000E6AAB /* Project-11-Bookworm.app */;
			productType = "com.apple.product-type.application";
		};
/* End PBXNativeTarget section */

/* Begin PBXProject section */
		81A0642728C607AB000E6AAB /* Project object */ = {
			isa = PBXProject;
			attributes = {
				BuildIndependentTargetsInParallel = 1;
				LastSwiftUpdateCheck = 1340;
				LastUpgradeCheck = 1340;
				TargetAttributes = {
					81A0642E28C607AC000E6AAB = {
						CreatedOnToolsVersion = 13.4.1;
					};
				};
			};
			buildConfigurationList = 81A0642A28C607AB000E6AAB /* Build configuration list for PBXProject "Project-11-Bookworm" */;
			compatibilityVersion = "Xcode 13.0";
			developmentRegion = en;
			hasScannedForEncodings = 0;
			knownRegions = (
				en,
				Base,
			);
			mainGroup = 81A0642628C607AB000E6AAB;
			productRefGroup = 81A0643028C607AC000E6AAB /* Products */;
			projectDirPath = "";
			projectRoot = "";
			targets = (
				81A0642E28C607AC000E6AAB /* Project-11-Bookworm */,
			);
		};
/* End PBXProject section */

/* Begin PBXResourcesBuildPhase section */
		81A0642D28C607AC000E6AAB /* Resources */ = {
			isa = PBXResourcesBuildPhase;
			buildActionMask = 2147483647;
			files = (
				81A0643A28C607B6000E6AAB /* Preview Assets.xcassets in Resources */,
				81A0643728C607B6000E6AAB /* Assets.xcassets in Resources */,
			);
			runOnlyForDeploymentPostprocessing = 0;
		};
/* End PBXResourcesBuildPhase section */

/* Begin PBXSourcesBuildPhase section */
		81A0642B28C607AC000E6AAB /* Sources */ = {
			isa = PBXSourcesBuildPhase;
			buildActionMask = 2147483647;
			files = (
				81A0643528C607AC000E6AAB /* ContentView.swift in Sources */,
				8190E50D28C73CD3004E4B99 /* DetailView.swift in Sources */,
				81A0644428C60DA6000E6AAB /* DataController.swift in Sources */,
				81A0644A28C6269D000E6AAB /* EmojiRatingView.swift in Sources */,
				81A0644228C60D46000E6AAB /* Bookworm.xcdatamodeld in Sources */,
				81A0644828C6228A000E6AAB /* RatingView.swift in Sources */,
				81A0643328C607AC000E6AAB /* Project_11_BookwormApp.swift in Sources */,
				81A0644628C61BBA000E6AAB /* AddBookView.swift in Sources */,
			);
			runOnlyForDeploymentPostprocessing = 0;
		};
/* End PBXSourcesBuildPhase section */

/* Begin XCBuildConfiguration section */
		81A0643B28C607B6000E6AAB /* Debug */ = {
			isa = XCBuildConfiguration;
			buildSettings = {
				ALWAYS_SEARCH_USER_PATHS = NO;
				CLANG_ANALYZER_NONNULL = YES;
				CLANG_ANALYZER_NUMBER_OBJECT_CONVERSION = YES_AGGRESSIVE;
				CLANG_CXX_LANGUAGE_STANDARD = "gnu++17";
				CLANG_ENABLE_MODULES = YES;
				CLANG_ENABLE_OBJC_ARC = YES;
				CLANG_ENABLE_OBJC_WEAK = YES;
				CLANG_WARN_BLOCK_CAPTURE_AUTORELEASING = YES;
				CLANG_WARN_BOOL_CONVERSION = YES;
				CLANG_WARN_COMMA = YES;
				CLANG_WARN_CONSTANT_CONVERSION = YES;
				CLANG_WARN_DEPRECATED_OBJC_IMPLEMENTATIONS = YES;
				CLANG_WARN_DIRECT_OBJC_ISA_USAGE = YES_ERROR;
				CLANG_WARN_DOCUMENTATION_COMMENTS = YES;
				CLANG_WARN_EMPTY_BODY = YES;
				CLANG_WARN_ENUM_CONVERSION = YES;
				CLANG_WARN_INFINITE_RECURSION = YES;
				CLANG_WARN_INT_CONVERSION = YES;
				CLANG_WARN_NON_LITERAL_NULL_CONVERSION = YES;
				CLANG_WARN_OBJC_IMPLICIT_RETAIN_SELF = YES;
				CLANG_WARN_OBJC_LITERAL_CONVERSION = YES;
				CLANG_WARN_OBJC_ROOT_CLASS = YES_ERROR;
				CLANG_WARN_QUOTED_INCLUDE_IN_FRAMEWORK_HEADER = YES;
				CLANG_WARN_RANGE_LOOP_ANALYSIS = YES;
				CLANG_WARN_STRICT_PROTOTYPES = YES;
				CLANG_WARN_SUSPICIOUS_MOVE = YES;
				CLANG_WARN_UNGUARDED_AVAILABILITY = YES_AGGRESSIVE;
				CLANG_WARN_UNREACHABLE_CODE = YES;
				CLANG_WARN__DUPLICATE_METHOD_MATCH = YES;
				COPY_PHASE_STRIP = NO;
				DEBUG_INFORMATION_FORMAT = dwarf;
				ENABLE_STRICT_OBJC_MSGSEND = YES;
				ENABLE_TESTABILITY = YES;
				GCC_C_LANGUAGE_STANDARD = gnu11;
				GCC_DYNAMIC_NO_PIC = NO;
				GCC_NO_COMMON_BLOCKS = YES;
				GCC_OPTIMIZATION_LEVEL = 0;
				GCC_PREPROCESSOR_DEFINITIONS = (
					"DEBUG=1",
					"$(inherited)",
				);
				GCC_WARN_64_TO_32_BIT_CONVERSION = YES;
				GCC_WARN_ABOUT_RETURN_TYPE = YES_ERROR;
				GCC_WARN_UNDECLARED_SELECTOR = YES;
				GCC_WARN_UNINITIALIZED_AUTOS = YES_AGGRESSIVE;
				GCC_WARN_UNUSED_FUNCTION = YES;
				GCC_WARN_UNUSED_VARIABLE = YES;
				IPHONEOS_DEPLOYMENT_TARGET = 15.5;
				MTL_ENABLE_DEBUG_INFO = INCLUDE_SOURCE;
				MTL_FAST_MATH = YES;
				ONLY_ACTIVE_ARCH = YES;
				SDKROOT = iphoneos;
				SWIFT_ACTIVE_COMPILATION_CONDITIONS = DEBUG;
				SWIFT_OPTIMIZATION_LEVEL = "-Onone";
			};
			name = Debug;
		};
		81A0643C28C607B6000E6AAB /* Release */ = {
			isa = XCBuildConfiguration;
			buildSettings = {
				ALWAYS_SEARCH_USER_PATHS = NO;
				CLANG_ANALYZER_NONNULL = YES;
				CLANG_ANALYZER_NUMBER_OBJECT_CONVERSION = YES_AGGRESSIVE;
				CLANG_CXX_LANGUAGE_STANDARD = "gnu++17";
				CLANG_ENABLE_MODULES = YES;
				CLANG_ENABLE_OBJC_ARC = YES;
				CLANG_ENABLE_OBJC_WEAK = YES;
				CLANG_WARN_BLOCK_CAPTURE_AUTORELEASING = YES;
				CLANG_WARN_BOOL_CONVERSION = YES;
				CLANG_WARN_COMMA = YES;
				CLANG_WARN_CONSTANT_CONVERSION = YES;
				CLANG_WARN_DEPRECATED_OBJC_IMPLEMENTATIONS = YES;
				CLANG_WARN_DIRECT_OBJC_ISA_USAGE = YES_ERROR;
				CLANG_WARN_DOCUMENTATION_COMMENTS = YES;
				CLANG_WARN_EMPTY_BODY = YES;
				CLANG_WARN_ENUM_CONVERSION = YES;
				CLANG_WARN_INFINITE_RECURSION = YES;
				CLANG_WARN_INT_CONVERSION = YES;
				CLANG_WARN_NON_LITERAL_NULL_CONVERSION = YES;
				CLANG_WARN_OBJC_IMPLICIT_RETAIN_SELF = YES;
				CLANG_WARN_OBJC_LITERAL_CONVERSION = YES;
				CLANG_WARN_OBJC_ROOT_CLASS = YES_ERROR;
				CLANG_WARN_QUOTED_INCLUDE_IN_FRAMEWORK_HEADER = YES;
				CLANG_WARN_RANGE_LOOP_ANALYSIS = YES;
				CLANG_WARN_STRICT_PROTOTYPES = YES;
				CLANG_WARN_SUSPICIOUS_MOVE = YES;
				CLANG_WARN_UNGUARDED_AVAILABILITY = YES_AGGRESSIVE;
				CLANG_WARN_UNREACHABLE_CODE = YES;
				CLANG_WARN__DUPLICATE_METHOD_MATCH = YES;
				COPY_PHASE_STRIP = NO;
				DEBUG_INFORMATION_FORMAT = "dwarf-with-dsym";
				ENABLE_NS_ASSERTIONS = NO;
				ENABLE_STRICT_OBJC_MSGSEND = YES;
				GCC_C_LANGUAGE_STANDARD = gnu11;
				GCC_NO_COMMON_BLOCKS = YES;
				GCC_WARN_64_TO_32_BIT_CONVERSION = YES;
				GCC_WARN_ABOUT_RETURN_TYPE = YES_ERROR;
				GCC_WARN_UNDECLARED_SELECTOR = YES;
				GCC_WARN_UNINITIALIZED_AUTOS = YES_AGGRESSIVE;
				GCC_WARN_UNUSED_FUNCTION = YES;
				GCC_WARN_UNUSED_VARIABLE = YES;
				IPHONEOS_DEPLOYMENT_TARGET = 15.5;
				MTL_ENABLE_DEBUG_INFO = NO;
				MTL_FAST_MATH = YES;
				SDKROOT = iphoneos;
				SWIFT_COMPILATION_MODE = wholemodule;
				SWIFT_OPTIMIZATION_LEVEL = "-O";
				VALIDATE_PRODUCT = YES;
			};
			name = Release;
		};
		81A0643E28C607B6000E6AAB /* Debug */ = {
			isa = XCBuildConfiguration;
			buildSettings = {
				ASSETCATALOG_COMPILER_APPICON_NAME = AppIcon;
				ASSETCATALOG_COMPILER_GLOBAL_ACCENT_COLOR_NAME = AccentColor;
				CODE_SIGN_STYLE = Automatic;
				CURRENT_PROJECT_VERSION = 1;
				DEVELOPMENT_ASSET_PATHS = "\"Project-11-Bookworm/Preview Content\"";
				DEVELOPMENT_TEAM = NQ7FTC36J3;
				ENABLE_PREVIEWS = YES;
				GENERATE_INFOPLIST_FILE = YES;
				INFOPLIST_KEY_UIApplicationSceneManifest_Generation = YES;
				INFOPLIST_KEY_UIApplicationSupportsIndirectInputEvents = YES;
				INFOPLIST_KEY_UILaunchScreen_Generation = YES;
				INFOPLIST_KEY_UISupportedInterfaceOrientations_iPad = "UIInterfaceOrientationPortrait UIInterfaceOrientationPortraitUpsideDown UIInterfaceOrientationLandscapeLeft UIInterfaceOrientationLandscapeRight";
				INFOPLIST_KEY_UISupportedInterfaceOrientations_iPhone = "UIInterfaceOrientationPortrait UIInterfaceOrientationLandscapeLeft UIInterfaceOrientationLandscapeRight";
				LD_RUNPATH_SEARCH_PATHS = (
					"$(inherited)",
					"@executable_path/Frameworks",
				);
				MARKETING_VERSION = 1.0;
				PRODUCT_BUNDLE_IDENTIFIER = "com.weve-got-it.Project-11-Bookworm";
				PRODUCT_NAME = "$(TARGET_NAME)";
				SWIFT_EMIT_LOC_STRINGS = YES;
				SWIFT_VERSION = 5.0;
				TARGETED_DEVICE_FAMILY = "1,2";
			};
			name = Debug;
		};
		81A0643F28C607B6000E6AAB /* Release */ = {
			isa = XCBuildConfiguration;
			buildSettings = {
				ASSETCATALOG_COMPILER_APPICON_NAME = AppIcon;
				ASSETCATALOG_COMPILER_GLOBAL_ACCENT_COLOR_NAME = AccentColor;
				CODE_SIGN_STYLE = Automatic;
				CURRENT_PROJECT_VERSION = 1;
				DEVELOPMENT_ASSET_PATHS = "\"Project-11-Bookworm/Preview Content\"";
				DEVELOPMENT_TEAM = NQ7FTC36J3;
				ENABLE_PREVIEWS = YES;
				GENERATE_INFOPLIST_FILE = YES;
				INFOPLIST_KEY_UIApplicationSceneManifest_Generation = YES;
				INFOPLIST_KEY_UIApplicationSupportsIndirectInputEvents = YES;
				INFOPLIST_KEY_UILaunchScreen_Generation = YES;
				INFOPLIST_KEY_UISupportedInterfaceOrientations_iPad = "UIInterfaceOrientationPortrait UIInterfaceOrientationPortraitUpsideDown UIInterfaceOrientationLandscapeLeft UIInterfaceOrientationLandscapeRight";
				INFOPLIST_KEY_UISupportedInterfaceOrientations_iPhone = "UIInterfaceOrientationPortrait UIInterfaceOrientationLandscapeLeft UIInterfaceOrientationLandscapeRight";
				LD_RUNPATH_SEARCH_PATHS = (
					"$(inherited)",
					"@executable_path/Frameworks",
				);
				MARKETING_VERSION = 1.0;
				PRODUCT_BUNDLE_IDENTIFIER = "com.weve-got-it.Project-11-Bookworm";
				PRODUCT_NAME = "$(TARGET_NAME)";
				SWIFT_EMIT_LOC_STRINGS = YES;
				SWIFT_VERSION = 5.0;
				TARGETED_DEVICE_FAMILY = "1,2";
			};
			name = Release;
		};
/* End XCBuildConfiguration section */

/* Begin XCConfigurationList section */
		81A0642A28C607AB000E6AAB /* Build configuration list for PBXProject "Project-11-Bookworm" */ = {
			isa = XCConfigurationList;
			buildConfigurations = (
				81A0643B28C607B6000E6AAB /* Debug */,
				81A0643C28C607B6000E6AAB /* Release */,
			);
			defaultConfigurationIsVisible = 0;
			defaultConfigurationName = Release;
		};
		81A0643D28C607B6000E6AAB /* Build configuration list for PBXNativeTarget "Project-11-Bookworm" */ = {
			isa = XCConfigurationList;
			buildConfigurations = (
				81A0643E28C607B6000E6AAB /* Debug */,
				81A0643F28C607B6000E6AAB /* Release */,
			);
			defaultConfigurationIsVisible = 0;
			defaultConfigurationName = Release;
		};
/* End XCConfigurationList section */

/* Begin XCVersionGroup section */
		81A0644028C60D46000E6AAB /* Bookworm.xcdatamodeld */ = {
			isa = XCVersionGroup;
			children = (
				81A0644128C60D46000E6AAB /* Bookworm.xcdatamodel */,
			);
			currentVersion = 81A0644128C60D46000E6AAB /* Bookworm.xcdatamodel */;
			path = Bookworm.xcdatamodeld;
			sourceTree = "<group>";
			versionGroupType = wrapper.xcdatamodel;
		};
/* End XCVersionGroup section */
	};
	rootObject = 81A0642728C607AB000E6AAB /* Project object */;
}
