// !$*UTF8*$!
{
	archiveVersion = 1;
	classes = {
	};
	objectVersion = 55;
	objects = {

/* Begin PBXBuildFile section */
		811E053528ACEE3E00940EC0 /* Project_7_iExpenseApp.swift in Sources */ = {isa = PBXBuildFile; fileRef = 811E053428ACEE3E00940EC0 /* Project_7_iExpenseApp.swift */; };
		811E053728ACEE3E00940EC0 /* ContentView.swift in Sources */ = {isa = PBXBuildFile; fileRef = 811E053628ACEE3E00940EC0 /* ContentView.swift */; };
		811E053928ACEE4B00940EC0 /* Assets.xcassets in Resources */ = {isa = PBXBuildFile; fileRef = 811E053828ACEE4B00940EC0 /* Assets.xcassets */; };
		811E053C28ACEE4B00940EC0 /* Preview Assets.xcassets in Resources */ = {isa = PBXBuildFile; fileRef = 811E053B28ACEE4B00940EC0 /* Preview Assets.xcassets */; };
		81BEF9E928AD267100337EB5 /* ExpenseItem.swift in Sources */ = {isa = PBXBuildFile; fileRef = 81BEF9E828AD267000337EB5 /* ExpenseItem.swift */; };
		81BEF9EB28AD28A500337EB5 /* Expenses.swift in Sources */ = {isa = PBXBuildFile; fileRef = 81BEF9EA28AD28A500337EB5 /* Expenses.swift */; };
		81BEF9ED28AD2DE400337EB5 /* AddView.swift in Sources */ = {isa = PBXBuildFile; fileRef = 81BEF9EC28AD2DE400337EB5 /* AddView.swift */; };
		81BEF9EF28AEC88A00337EB5 /* FormatStyle-LocalCurrency.swift in Sources */ = {isa = PBXBuildFile; fileRef = 81BEF9EE28AEC88900337EB5 /* FormatStyle-LocalCurrency.swift */; };
		81E3E34728B3E21900163F38 /* View-ExpenseStyle.swift in Sources */ = {isa = PBXBuildFile; fileRef = 81E3E34628B3E21900163F38 /* View-ExpenseStyle.swift */; };
		81E3E34928B4382A00163F38 /* ExpenseSection.swift in Sources */ = {isa = PBXBuildFile; fileRef = 81E3E34828B4382A00163F38 /* ExpenseSection.swift */; };
/* End PBXBuildFile section */

/* Begin PBXFileReference section */
		811E053128ACEE3E00940EC0 /* Project-7-iExpense.app */ = {isa = PBXFileReference; explicitFileType = wrapper.application; includeInIndex = 0; path = "Project-7-iExpense.app"; sourceTree = BUILT_PRODUCTS_DIR; };
		811E053428ACEE3E00940EC0 /* Project_7_iExpenseApp.swift */ = {isa = PBXFileReference; lastKnownFileType = sourcecode.swift; path = Project_7_iExpenseApp.swift; sourceTree = "<group>"; };
		811E053628ACEE3E00940EC0 /* ContentView.swift */ = {isa = PBXFileReference; lastKnownFileType = sourcecode.swift; path = ContentView.swift; sourceTree = "<group>"; };
		811E053828ACEE4B00940EC0 /* Assets.xcassets */ = {isa = PBXFileReference; lastKnownFileType = folder.assetcatalog; path = Assets.xcassets; sourceTree = "<group>"; };
		811E053B28ACEE4B00940EC0 /* Preview Assets.xcassets */ = {isa = PBXFileReference; lastKnownFileType = folder.assetcatalog; path = "Preview Assets.xcassets"; sourceTree = "<group>"; };
		81BEF9E828AD267000337EB5 /* ExpenseItem.swift */ = {isa = PBXFileReference; lastKnownFileType = sourcecode.swift; path = ExpenseItem.swift; sourceTree = "<group>"; };
		81BEF9EA28AD28A500337EB5 /* Expenses.swift */ = {isa = PBXFileReference; lastKnownFileType = sourcecode.swift; path = Expenses.swift; sourceTree = "<group>"; };
		81BEF9EC28AD2DE400337EB5 /* AddView.swift */ = {isa = PBXFileReference; lastKnownFileType = sourcecode.swift; path = AddView.swift; sourceTree = "<group>"; };
		81BEF9EE28AEC88900337EB5 /* FormatStyle-LocalCurrency.swift */ = {isa = PBXFileReference; lastKnownFileType = sourcecode.swift; path = "FormatStyle-LocalCurrency.swift"; sourceTree = "<group>"; };
		81E3E34628B3E21900163F38 /* View-ExpenseStyle.swift */ = {isa = PBXFileReference; lastKnownFileType = sourcecode.swift; path = "View-ExpenseStyle.swift"; sourceTree = "<group>"; };
		81E3E34828B4382A00163F38 /* ExpenseSection.swift */ = {isa = PBXFileReference; lastKnownFileType = sourcecode.swift; path = ExpenseSection.swift; sourceTree = "<group>"; };
/* End PBXFileReference section */

/* Begin PBXFrameworksBuildPhase section */
		811E052E28ACEE3D00940EC0 /* Frameworks */ = {
			isa = PBXFrameworksBuildPhase;
			buildActionMask = 2147483647;
			files = (
			);
			runOnlyForDeploymentPostprocessing = 0;
		};
/* End PBXFrameworksBuildPhase section */

/* Begin PBXGroup section */
		811E052828ACEE3D00940EC0 = {
			isa = PBXGroup;
			children = (
				811E053328ACEE3E00940EC0 /* Project-7-iExpense */,
				811E053228ACEE3E00940EC0 /* Products */,
			);
			sourceTree = "<group>";
		};
		811E053228ACEE3E00940EC0 /* Products */ = {
			isa = PBXGroup;
			children = (
				811E053128ACEE3E00940EC0 /* Project-7-iExpense.app */,
			);
			name = Products;
			sourceTree = "<group>";
		};
		811E053328ACEE3E00940EC0 /* Project-7-iExpense */ = {
			isa = PBXGroup;
			children = (
				811E053428ACEE3E00940EC0 /* Project_7_iExpenseApp.swift */,
				81BEF9EC28AD2DE400337EB5 /* AddView.swift */,
				811E053628ACEE3E00940EC0 /* ContentView.swift */,
				81E3E34828B4382A00163F38 /* ExpenseSection.swift */,
				81E3E34628B3E21900163F38 /* View-ExpenseStyle.swift */,
				81BEF9E828AD267000337EB5 /* ExpenseItem.swift */,
				81BEF9EA28AD28A500337EB5 /* Expenses.swift */,
				81BEF9EE28AEC88900337EB5 /* FormatStyle-LocalCurrency.swift */,
				811E053828ACEE4B00940EC0 /* Assets.xcassets */,
				811E053A28ACEE4B00940EC0 /* Preview Content */,
			);
			path = "Project-7-iExpense";
			sourceTree = "<group>";
		};
		811E053A28ACEE4B00940EC0 /* Preview Content */ = {
			isa = PBXGroup;
			children = (
				811E053B28ACEE4B00940EC0 /* Preview Assets.xcassets */,
			);
			path = "Preview Content";
			sourceTree = "<group>";
		};
/* End PBXGroup section */

/* Begin PBXNativeTarget section */
		811E053028ACEE3D00940EC0 /* Project-7-iExpense */ = {
			isa = PBXNativeTarget;
			buildConfigurationList = 811E053F28ACEE4B00940EC0 /* Build configuration list for PBXNativeTarget "Project-7-iExpense" */;
			buildPhases = (
				811E052D28ACEE3D00940EC0 /* Sources */,
				811E052E28ACEE3D00940EC0 /* Frameworks */,
				811E052F28ACEE3D00940EC0 /* Resources */,
			);
			buildRules = (
			);
			dependencies = (
			);
			name = "Project-7-iExpense";
			productName = "Project-7-iExpense";
			productReference = 811E053128ACEE3E00940EC0 /* Project-7-iExpense.app */;
			productType = "com.apple.product-type.application";
		};
/* End PBXNativeTarget section */

/* Begin PBXProject section */
		811E052928ACEE3D00940EC0 /* Project object */ = {
			isa = PBXProject;
			attributes = {
				BuildIndependentTargetsInParallel = 1;
				LastSwiftUpdateCheck = 1340;
				LastUpgradeCheck = 1340;
				TargetAttributes = {
					811E053028ACEE3D00940EC0 = {
						CreatedOnToolsVersion = 13.4.1;
					};
				};
			};
			buildConfigurationList = 811E052C28ACEE3D00940EC0 /* Build configuration list for PBXProject "Project-7-iExpense" */;
			compatibilityVersion = "Xcode 13.0";
			developmentRegion = en;
			hasScannedForEncodings = 0;
			knownRegions = (
				en,
				Base,
			);
			mainGroup = 811E052828ACEE3D00940EC0;
			productRefGroup = 811E053228ACEE3E00940EC0 /* Products */;
			projectDirPath = "";
			projectRoot = "";
			targets = (
				811E053028ACEE3D00940EC0 /* Project-7-iExpense */,
			);
		};
/* End PBXProject section */

/* Begin PBXResourcesBuildPhase section */
		811E052F28ACEE3D00940EC0 /* Resources */ = {
			isa = PBXResourcesBuildPhase;
			buildActionMask = 2147483647;
			files = (
				811E053C28ACEE4B00940EC0 /* Preview Assets.xcassets in Resources */,
				811E053928ACEE4B00940EC0 /* Assets.xcassets in Resources */,
			);
			runOnlyForDeploymentPostprocessing = 0;
		};
/* End PBXResourcesBuildPhase section */

/* Begin PBXSourcesBuildPhase section */
		811E052D28ACEE3D00940EC0 /* Sources */ = {
			isa = PBXSourcesBuildPhase;
			buildActionMask = 2147483647;
			files = (
				81BEF9EB28AD28A500337EB5 /* Expenses.swift in Sources */,
				811E053728ACEE3E00940EC0 /* ContentView.swift in Sources */,
				81BEF9ED28AD2DE400337EB5 /* AddView.swift in Sources */,
				81E3E34728B3E21900163F38 /* View-ExpenseStyle.swift in Sources */,
				81E3E34928B4382A00163F38 /* ExpenseSection.swift in Sources */,
				81BEF9EF28AEC88A00337EB5 /* FormatStyle-LocalCurrency.swift in Sources */,
				81BEF9E928AD267100337EB5 /* ExpenseItem.swift in Sources */,
				811E053528ACEE3E00940EC0 /* Project_7_iExpenseApp.swift in Sources */,
			);
			runOnlyForDeploymentPostprocessing = 0;
		};
/* End PBXSourcesBuildPhase section */

/* Begin XCBuildConfiguration section */
		811E053D28ACEE4B00940EC0 /* Debug */ = {
			isa = XCBuildConfiguration;
			buildSettings = {
				ALWAYS_SEARCH_USER_PATHS = NO;
				CLANG_ANALYZER_NONNULL = YES;
				CLANG_ANALYZER_NUMBER_OBJECT_CONVERSION = YES_AGGRESSIVE;
				CLANG_CXX_LANGUAGE_STANDARD = "gnu++17";
				CLANG_ENABLE_MODULES = YES;
				CLANG_ENABLE_OBJC_ARC = YES;
				CLANG_ENABLE_OBJC_WEAK = YES;
				CLANG_WARN_BLOCK_CAPTURE_AUTORELEASING = YES;
				CLANG_WARN_BOOL_CONVERSION = YES;
				CLANG_WARN_COMMA = YES;
				CLANG_WARN_CONSTANT_CONVERSION = YES;
				CLANG_WARN_DEPRECATED_OBJC_IMPLEMENTATIONS = YES;
				CLANG_WARN_DIRECT_OBJC_ISA_USAGE = YES_ERROR;
				CLANG_WARN_DOCUMENTATION_COMMENTS = YES;
				CLANG_WARN_EMPTY_BODY = YES;
				CLANG_WARN_ENUM_CONVERSION = YES;
				CLANG_WARN_INFINITE_RECURSION = YES;
				CLANG_WARN_INT_CONVERSION = YES;
				CLANG_WARN_NON_LITERAL_NULL_CONVERSION = YES;
				CLANG_WARN_OBJC_IMPLICIT_RETAIN_SELF = YES;
				CLANG_WARN_OBJC_LITERAL_CONVERSION = YES;
				CLANG_WARN_OBJC_ROOT_CLASS = YES_ERROR;
				CLANG_WARN_QUOTED_INCLUDE_IN_FRAMEWORK_HEADER = YES;
				CLANG_WARN_RANGE_LOOP_ANALYSIS = YES;
				CLANG_WARN_STRICT_PROTOTYPES = YES;
				CLANG_WARN_SUSPICIOUS_MOVE = YES;
				CLANG_WARN_UNGUARDED_AVAILABILITY = YES_AGGRESSIVE;
				CLANG_WARN_UNREACHABLE_CODE = YES;
				CLANG_WARN__DUPLICATE_METHOD_MATCH = YES;
				COPY_PHASE_STRIP = NO;
				DEBUG_INFORMATION_FORMAT = dwarf;
				ENABLE_STRICT_OBJC_MSGSEND = YES;
				ENABLE_TESTABILITY = YES;
				GCC_C_LANGUAGE_STANDARD = gnu11;
				GCC_DYNAMIC_NO_PIC = NO;
				GCC_NO_COMMON_BLOCKS = YES;
				GCC_OPTIMIZATION_LEVEL = 0;
				GCC_PREPROCESSOR_DEFINITIONS = (
					"DEBUG=1",
					"$(inherited)",
				);
				GCC_WARN_64_TO_32_BIT_CONVERSION = YES;
				GCC_WARN_ABOUT_RETURN_TYPE = YES_ERROR;
				GCC_WARN_UNDECLARED_SELECTOR = YES;
				GCC_WARN_UNINITIALIZED_AUTOS = YES_AGGRESSIVE;
				GCC_WARN_UNUSED_FUNCTION = YES;
				GCC_WARN_UNUSED_VARIABLE = YES;
				IPHONEOS_DEPLOYMENT_TARGET = 15.5;
				MTL_ENABLE_DEBUG_INFO = INCLUDE_SOURCE;
				MTL_FAST_MATH = YES;
				ONLY_ACTIVE_ARCH = YES;
				SDKROOT = iphoneos;
				SWIFT_ACTIVE_COMPILATION_CONDITIONS = DEBUG;
				SWIFT_OPTIMIZATION_LEVEL = "-Onone";
			};
			name = Debug;
		};
		811E053E28ACEE4B00940EC0 /* Release */ = {
			isa = XCBuildConfiguration;
			buildSettings = {
				ALWAYS_SEARCH_USER_PATHS = NO;
				CLANG_ANALYZER_NONNULL = YES;
				CLANG_ANALYZER_NUMBER_OBJECT_CONVERSION = YES_AGGRESSIVE;
				CLANG_CXX_LANGUAGE_STANDARD = "gnu++17";
				CLANG_ENABLE_MODULES = YES;
				CLANG_ENABLE_OBJC_ARC = YES;
				CLANG_ENABLE_OBJC_WEAK = YES;
				CLANG_WARN_BLOCK_CAPTURE_AUTORELEASING = YES;
				CLANG_WARN_BOOL_CONVERSION = YES;
				CLANG_WARN_COMMA = YES;
				CLANG_WARN_CONSTANT_CONVERSION = YES;
				CLANG_WARN_DEPRECATED_OBJC_IMPLEMENTATIONS = YES;
				CLANG_WARN_DIRECT_OBJC_ISA_USAGE = YES_ERROR;
				CLANG_WARN_DOCUMENTATION_COMMENTS = YES;
				CLANG_WARN_EMPTY_BODY = YES;
				CLANG_WARN_ENUM_CONVERSION = YES;
				CLANG_WARN_INFINITE_RECURSION = YES;
				CLANG_WARN_INT_CONVERSION = YES;
				CLANG_WARN_NON_LITERAL_NULL_CONVERSION = YES;
				CLANG_WARN_OBJC_IMPLICIT_RETAIN_SELF = YES;
				CLANG_WARN_OBJC_LITERAL_CONVERSION = YES;
				CLANG_WARN_OBJC_ROOT_CLASS = YES_ERROR;
				CLANG_WARN_QUOTED_INCLUDE_IN_FRAMEWORK_HEADER = YES;
				CLANG_WARN_RANGE_LOOP_ANALYSIS = YES;
				CLANG_WARN_STRICT_PROTOTYPES = YES;
				CLANG_WARN_SUSPICIOUS_MOVE = YES;
				CLANG_WARN_UNGUARDED_AVAILABILITY = YES_AGGRESSIVE;
				CLANG_WARN_UNREACHABLE_CODE = YES;
				CLANG_WARN__DUPLICATE_METHOD_MATCH = YES;
				COPY_PHASE_STRIP = NO;
				DEBUG_INFORMATION_FORMAT = "dwarf-with-dsym";
				ENABLE_NS_ASSERTIONS = NO;
				ENABLE_STRICT_OBJC_MSGSEND = YES;
				GCC_C_LANGUAGE_STANDARD = gnu11;
				GCC_NO_COMMON_BLOCKS = YES;
				GCC_WARN_64_TO_32_BIT_CONVERSION = YES;
				GCC_WARN_ABOUT_RETURN_TYPE = YES_ERROR;
				GCC_WARN_UNDECLARED_SELECTOR = YES;
				GCC_WARN_UNINITIALIZED_AUTOS = YES_AGGRESSIVE;
				GCC_WARN_UNUSED_FUNCTION = YES;
				GCC_WARN_UNUSED_VARIABLE = YES;
				IPHONEOS_DEPLOYMENT_TARGET = 15.5;
				MTL_ENABLE_DEBUG_INFO = NO;
				MTL_FAST_MATH = YES;
				SDKROOT = iphoneos;
				SWIFT_COMPILATION_MODE = wholemodule;
				SWIFT_OPTIMIZATION_LEVEL = "-O";
				VALIDATE_PRODUCT = YES;
			};
			name = Release;
		};
		811E054028ACEE4B00940EC0 /* Debug */ = {
			isa = XCBuildConfiguration;
			buildSettings = {
				ASSETCATALOG_COMPILER_APPICON_NAME = AppIcon;
				ASSETCATALOG_COMPILER_GLOBAL_ACCENT_COLOR_NAME = AccentColor;
				CODE_SIGN_STYLE = Automatic;
				CURRENT_PROJECT_VERSION = 1;
				DEVELOPMENT_ASSET_PATHS = "\"Project-7-iExpense/Preview Content\"";
				DEVELOPMENT_TEAM = NQ7FTC36J3;
				ENABLE_PREVIEWS = YES;
				GENERATE_INFOPLIST_FILE = YES;
				INFOPLIST_KEY_UIApplicationSceneManifest_Generation = YES;
				INFOPLIST_KEY_UIApplicationSupportsIndirectInputEvents = YES;
				INFOPLIST_KEY_UILaunchScreen_Generation = YES;
				INFOPLIST_KEY_UISupportedInterfaceOrientations_iPad = "UIInterfaceOrientationPortrait UIInterfaceOrientationPortraitUpsideDown UIInterfaceOrientationLandscapeLeft UIInterfaceOrientationLandscapeRight";
				INFOPLIST_KEY_UISupportedInterfaceOrientations_iPhone = "UIInterfaceOrientationPortrait UIInterfaceOrientationLandscapeLeft UIInterfaceOrientationLandscapeRight";
				LD_RUNPATH_SEARCH_PATHS = (
					"$(inherited)",
					"@executable_path/Frameworks",
				);
				MARKETING_VERSION = 1.0;
				PRODUCT_BUNDLE_IDENTIFIER = "com.weve-got-it.Project-7-iExpense";
				PRODUCT_NAME = "$(TARGET_NAME)";
				SWIFT_EMIT_LOC_STRINGS = YES;
				SWIFT_VERSION = 5.0;
				TARGETED_DEVICE_FAMILY = "1,2";
			};
			name = Debug;
		};
		811E054128ACEE4B00940EC0 /* Release */ = {
			isa = XCBuildConfiguration;
			buildSettings = {
				ASSETCATALOG_COMPILER_APPICON_NAME = AppIcon;
				ASSETCATALOG_COMPILER_GLOBAL_ACCENT_COLOR_NAME = AccentColor;
				CODE_SIGN_STYLE = Automatic;
				CURRENT_PROJECT_VERSION = 1;
				DEVELOPMENT_ASSET_PATHS = "\"Project-7-iExpense/Preview Content\"";
				DEVELOPMENT_TEAM = NQ7FTC36J3;
				ENABLE_PREVIEWS = YES;
				GENERATE_INFOPLIST_FILE = YES;
				INFOPLIST_KEY_UIApplicationSceneManifest_Generation = YES;
				INFOPLIST_KEY_UIApplicationSupportsIndirectInputEvents = YES;
				INFOPLIST_KEY_UILaunchScreen_Generation = YES;
				INFOPLIST_KEY_UISupportedInterfaceOrientations_iPad = "UIInterfaceOrientationPortrait UIInterfaceOrientationPortraitUpsideDown UIInterfaceOrientationLandscapeLeft UIInterfaceOrientationLandscapeRight";
				INFOPLIST_KEY_UISupportedInterfaceOrientations_iPhone = "UIInterfaceOrientationPortrait UIInterfaceOrientationLandscapeLeft UIInterfaceOrientationLandscapeRight";
				LD_RUNPATH_SEARCH_PATHS = (
					"$(inherited)",
					"@executable_path/Frameworks",
				);
				MARKETING_VERSION = 1.0;
				PRODUCT_BUNDLE_IDENTIFIER = "com.weve-got-it.Project-7-iExpense";
				PRODUCT_NAME = "$(TARGET_NAME)";
				SWIFT_EMIT_LOC_STRINGS = YES;
				SWIFT_VERSION = 5.0;
				TARGETED_DEVICE_FAMILY = "1,2";
			};
			name = Release;
		};
/* End XCBuildConfiguration section */

/* Begin XCConfigurationList section */
		811E052C28ACEE3D00940EC0 /* Build configuration list for PBXProject "Project-7-iExpense" */ = {
			isa = XCConfigurationList;
			buildConfigurations = (
				811E053D28ACEE4B00940EC0 /* Debug */,
				811E053E28ACEE4B00940EC0 /* Release */,
			);
			defaultConfigurationIsVisible = 0;
			defaultConfigurationName = Release;
		};
		811E053F28ACEE4B00940EC0 /* Build configuration list for PBXNativeTarget "Project-7-iExpense" */ = {
			isa = XCConfigurationList;
			buildConfigurations = (
				811E054028ACEE4B00940EC0 /* Debug */,
				811E054128ACEE4B00940EC0 /* Release */,
			);
			defaultConfigurationIsVisible = 0;
			defaultConfigurationName = Release;
		};
/* End XCConfigurationList section */
	};
	rootObject = 811E052928ACEE3D00940EC0 /* Project object */;
}
